# name|version|architecture|repository|kind|sha256|signature_sha256|filename|size
compiler-rt|22.1.8-1|aarch64|extra|dependency|f6d34a77c978405d053311b89c3576ae6ce7e5b5f736f2526b76f9415ea43845|ae321a115e4c3ae604d88aafa727b3b6c2002853394eb067d740aaa23f1c7c15|compiler-rt-22.1.8-1-aarch64.pkg.tar.xz|2843328
llhttp|9.3.1-1|aarch64|extra|dependency|ffcd28cd2f93b1c5e6676ff9e842d6f6e3d54e6290a57cab0f8447f77459026a|b721df9fe91b661aad949ba19925968aa3265639399d65d766cbaf27ee87eb65|llhttp-9.3.1-1-aarch64.pkg.tar.xz|28604
libgit2|1:1.9.7-1|aarch64|extra|dependency|cacbf38f50e09c1fa4a8a94bb5dae5d7719dc4b7a4262a8a8e94f9d001bc0842|2d4e15982858794428446596475c285c54aa1d3fc7cccb27b57d5e310153729b|libgit2-1:1.9.7-1-aarch64.pkg.tar.xz|768812
libedit|20260512_3.1-1|aarch64|core|dependency|9900ef2ce4c8bddc1066a89951ff0e0dead005f168a9ac402ac487047961f2e5|0f736bfee5003703dc6791ba117ee8c40830dc6281c9dcb103d5dcf542b68e83|libedit-20260512_3.1-1-aarch64.pkg.tar.xz|107492
llvm-libs|22.1.8-2|aarch64|extra|dependency|f3119b25813452a1cddd84ea985d7d76d9da41201b39e82f15cf23c2d3ed348e|6bfa9eaa70713c8088714b57003e996bad9d76359c0f4b8c4156af9c981c7502|llvm-libs-22.1.8-2-aarch64.pkg.tar.xz|36838688
lld|22.1.8-1|aarch64|extra|dependency|7eca79047fd830ac274907391c00fd78af790332fadb482e09e4f605f0c0b87e|3a5119e5f1b275a4248a6656e20838ab6048044ede84ecc66533c7c4fafd7478|lld-22.1.8-1-aarch64.pkg.tar.xz|1959192
rust|1:1.98.0-1|aarch64|extra|provider-cargo|1c4a9a606ba358d51b09e708cc0abb9f0a60ee891fd2e9bc2764ea37367f80b3|012a5bc7c2671ad6dcb49112c6586d9e7736cf506d3f22a36bb1e4bb21012493|rust-1:1.98.0-1-aarch64.pkg.tar.xz|58783044
perl-error|0.17030-3|any|extra|dependency|45e48cf1eac8c7ee4f78656e3eec0df2aae9fa75aa924367abc20c2270ec54db|b6e561ae65c2e858cb05b20007b8996595eb3c2dec15a4436d4fb7d8d8bbf16c|perl-error-0.17030-3-any.pkg.tar.xz|21280
perl-timedate|2.35-1|any|extra|dependency|d97a4a2b169a88fbb2db3dc5425eba2b31b58ab4123a1a998c2fcc718cd8251b|cf152bbe2914ca09964e68cc636328a4a9cdb99cecc7fe4779d327b7b64e6fb4|perl-timedate-2.35-1-any.pkg.tar.xz|61796
perl-mailtools|2.22-3|any|extra|dependency|71b6383a6dab51efe4be74d14a8ea7bcdb07a34a20da7c2c6f708c4a01257018|b769d12bd9f6ee215f8d1d4a06168d06f9ce0b6e3604cfd323f753c1f4d5f2ab|perl-mailtools-2.22-3-any.pkg.tar.xz|59796
zlib-ng|2.3.3-1|aarch64|extra|dependency|1ee3a19d58b27a1f63d455177be5301ca474ed20d3699ffc7f0a4f987852e930|e3d9ee5945cf6b560097a05c6cac3fbb19be26ca52b1a595930b5257802d2920|zlib-ng-2.3.3-1-aarch64.pkg.tar.xz|90636
git|2.55.0-1|aarch64|extra|direct|fb1f7b2598b96c7ce5ea41d23977243e5a67189eda1826dd7690977fd652c11a|c1ef5128ddab22c10f33d1a25fd5c43175582c58acf791b32608d542b974427f|git-2.55.0-1-aarch64.pkg.tar.xz|8239236
ninja|1.13.2-3|aarch64|extra|dependency|4455a6c92fb38e8d5d0172176bb19d9ee6e9f2c6acae9aced5d65752fdd47290|dfac59ccb7bec23adedaff055203dd5902fb0b10e456706d4ac2ae63b31ec5e9|ninja-1.13.2-3-aarch64.pkg.tar.xz|173996
python-tqdm|4.70.0-1|any|extra|dependency|163f3d3740a199667cfecde6336d27a8733a463bf55d8d886e39a9b722c60055|4286455f34808b43304ec8b7448289f68f7f04a236ac696a3b8ace9ac3f213ac|python-tqdm-4.70.0-1-any.pkg.tar.xz|130080
meson|1.12.0-1|any|extra|direct|18d6cd0b53930231eb465578e081aad3cfe29d0847638f7cc52455338446fec8|93546932518437278ca50ff9e3c7f6d983f80c45a89ddca0c2ca65be798ce75f|meson-1.12.0-1-any.pkg.tar.xz|2525156
double-conversion|3.4.0-1|aarch64|extra|dependency|f4d8f0db3a79d6cb06174920ec19cc1c1d943b7b019444be91c2685babc2d790|a28a327f3efd470a56e0720ad585addb7e7c222979b581064d05408e6b8fec1f|double-conversion-3.4.0-1-aarch64.pkg.tar.xz|52748
libpng|1.6.58-2|aarch64|extra|dependency|feeae0049a26cb65612180df8bd3916eccc1ac6c2b5c290598045403364a360e|65368d70f34bfae26569b394d88be1e52214e013e3ecd3c085616027af77e941|libpng-1.6.58-2-aarch64.pkg.tar.xz|239264
freetype2|2.14.3-1|aarch64|extra|dependency|080b6aa7827298e5b92800229d76689e0dbff08cd96690ae75e8feedf6a9ae5d|2b7e1428b25300e635cfa8d6a58695f1c4c3f36feb2ddebd7e27a912aab2d7f2|freetype2-2.14.3-1-aarch64.pkg.tar.xz|487400
fontconfig|2:2.18.3-2|aarch64|extra|dependency|8f3bf0609eb73b15526179357e139441bf1a9a502c3b948f0925e9b1b586129a|4ddb76ba55a1afcf23593d75fd061f1a5f8a85f3440c62726067b20103399120|fontconfig-2:2.18.3-2-aarch64.pkg.tar.xz|385820
graphite|1:1.3.15-1|aarch64|extra|dependency|87c700c71585c7f44f951928184deb690a78d39ad36ea9b6c07c59d7592e4c92|0910dbbcf8d5b395ceb27d3547a716f284366faf221df39903d0ce514fffcd45|graphite-1:1.3.15-1-aarch64.pkg.tar.xz|80168
harfbuzz|14.3.1-1|aarch64|extra|dependency|e7f5c87c03476370897e218babdde548134d28b5f9b53cd65db63b8428243e38|6c5a7ff6871c66233b5f98b3f2ecf379b1bc01f518a7cadb0af35cd1dccc08a6|harfbuzz-14.3.1-1-aarch64.pkg.tar.xz|1270424
libb2|0.98.1-3|aarch64|extra|dependency|745b552a7d1d8c8d8e675bebfd38834c0ddfad99a413300382677c15c2b60495|5d48dccfc39f4873ca9cf4e5c0c7dac410badef35b3ebc03a8822f2a07ff8837|libb2-0.98.1-3-aarch64.pkg.tar.xz|17316
libdaemon|0.14-6|aarch64|extra|dependency|b96e8eb1604bf7901feb1addd2882cce2f366b504d919c9fc28a53f8c240243b|909ed8b7a847850945d2cd740a546a24c2c8fae689acab3682633657f11b3eff|libdaemon-0.14-6-aarch64.pkg.tar.xz|19340
avahi|1:0.9rc5-1|aarch64|extra|dependency|cc5397663792b8a6aeeb8879d44020e21f7dc8f3889e4bcab25cb976b0033481|764a6b9ba1ac7ea6c72b6515645115e60b27b1029ac8205cfebfaeeb135f2612|avahi-1:0.9rc5-1-aarch64.pkg.tar.xz|413888
libcups|2:2.4.19-1|aarch64|extra|dependency|3b5a82439605980365feb637ffc5db67b9df418017a9f19b20f44404fe8a628b|42a82dfa269b8d353cea0c846c57eb1e3af8ac20e22370295077015aeda4b120|libcups-2:2.4.19-1-aarch64.pkg.tar.xz|257944
libpciaccess|0.19-1|aarch64|extra|dependency|d490a86384c25a9258e7eec84f5eaceca072e6ca45c37972e12f6e8a3da3766d|e07be1eccd969abbf395677b0565cdb97cc7809f2fdda728c79360aa815df110|libpciaccess-0.19-1-aarch64.pkg.tar.xz|20856
libdrm|2.4.134-1|aarch64|extra|dependency|d4173d7adc60d32d389e44e976447962c31bc23ff9a2153539bd8ad766e307b8|eba5b560895f0d12f8b92cbdaf32ee9425af439c201b733b6893d2b368300176|libdrm-2.4.134-1-aarch64.pkg.tar.xz|400060
xcb-proto|1.17.0-4|any|extra|dependency|c494c60bbb63fe42cd68a37710d389818611775fd74dcb228d901003958aa8ee|4d63a0e1d212d5bea7c4f590f9f80b5e3a7b9934446537c85016fd3a584b335e|xcb-proto-1.17.0-4-any.pkg.tar.xz|127676
xorgproto|2025.1-1|any|extra|dependency|682bdb76951a10606b0f3dfaa6e3fd48df2bd183a060e66aa23fbce2473bca53|752c33aaefc9a165b32872b04579932827fde246343c0a53753fefc1043bc889|xorgproto-2025.1-1-any.pkg.tar.xz|238696
libxdmcp|1.1.5-2|aarch64|extra|dependency|aaf3575b4139a0ee675cbc15c03324d09892ded2188ac7cc326a8b36ef308496|d0278ab76d7e60e2960812d43bac281e2b36242858d3758aeedf274041d4c2aa|libxdmcp-1.1.5-2-aarch64.pkg.tar.xz|26648
libxau|1.0.12-1|aarch64|extra|dependency|f9abaead8ca4f0d4f9a6e181c3fcad8f96ddb9cf1d75d1d82a81c0ca8ad08a50|50f66512cf2ae861215b624c54406e90fdd4d76d6212be7346327893df61173c|libxau-1.0.12-1-aarch64.pkg.tar.xz|11664
libxcb|1.17.0-1|aarch64|extra|dependency|329a41249a09b4bb7f9b5f9694c1848c971188243cc1c0a479df4227800214c0|a1bec28878ff180682133e01d06c3db19fb56e174cb8f8f6bcce1e560edbf0a2|libxcb-1.17.0-1-aarch64.pkg.tar.xz|996228
libx11|1.8.13-1|aarch64|extra|dependency|e68195a71049251a68c5073c2baebc0f2bba41dbdfada5a41dbbd28a37040f3c|5a682383bb1c044c3f27b9aac8288d896edfa557b03608d439985042a8f833a7|libx11-1.8.13-1-aarch64.pkg.tar.xz|2011676
libxext|1.3.7-1|aarch64|extra|dependency|bff987768ac6bb9ed809d49f3c171c93ccf0c7264c59ec7b0940e844ba4e53ac|dc3526d0f1173280f0ecb039f5a7282d166d94b2ef7ad5f1951c49b9e78ba45a|libxext-1.3.7-1-aarch64.pkg.tar.xz|103732
libxshmfence|1.3.3-1|aarch64|extra|dependency|d137d6cc13a75284267cd56beabfde6094fb1a4f8fb373af555c2e47c0e6b636|453600aa081f78b0abac4271afec2a958b0bb7ede005b7c0cbfd9534b150dd86|libxshmfence-1.3.3-1-aarch64.pkg.tar.xz|6188
libxxf86vm|1.1.7-1|aarch64|extra|dependency|9c07efd6fe6040a7e2d19af307c74d5f2235b6313e74710a29ecedb56f9a6ded|9673a3563caccb2322ecc25305d6797603cab47ebb68bc9556137e511753921f|libxxf86vm-1.1.7-1-aarch64.pkg.tar.xz|15016
lm_sensors|1:3.6.2-1|aarch64|extra|dependency|dc855daccb5fe4a7f89702db47bd3c53b3047dee8de92df2de975fe130985eb5|56331bf2d6f551d9015a5e35b3beb5b39339abc27553c45290b90b2f6c4f7521|lm_sensors-1:3.6.2-1-aarch64.pkg.tar.xz|125904
spirv-tools|1:1.4.357.0-1|aarch64|extra|dependency|e49c54afc1e11b1a915df17ba380c4c4402477a5d5370417801a87df3388ae59|9be028473c49d20670b982c724f989cffacb46f06adb88686ab05ee45e288148|spirv-tools-1:1.4.357.0-1-aarch64.pkg.tar.xz|1935624
default-cursors|3-1|any|extra|dependency|19a87290af8829271e9670576096b08b9262d8fac1e3deb4167d7cd3d3ae1830|827073d7349739733b2c4e42eb0429e8ab38b91c4724a1edf0c7dbcd4af9e4e0|default-cursors-3-1-any.pkg.tar.xz|2412
wayland|1.26.0-1|aarch64|extra|dependency|9382b38f97ee3841597f89aa6ca1fceea3d968ae759151eaab9c4b5373d1ce72|5ca988b59b191e409eb09d73fb3ea23a1d4a7e893066149e8310bce8f2271109|wayland-1.26.0-1-aarch64.pkg.tar.xz|143632
mesa|1:26.2.1-1|aarch64|extra|dependency|3f7082b6c45b6f8ada44e425cec35b516bb7c63fd910ec6990b81e294a4d670d|59af52d2a19ef2cc30639190ea24bc5ca0d3a2a31beebc2a1ebfda5511820297|mesa-1:26.2.1-1-aarch64.pkg.tar.xz|12634048
libglvnd|1.7.0-3|aarch64|extra|dependency|5a163e41583346b55f25de580e10c2edb31f5c8662667531d0e476b7b1336338|1069fbce37b23197fee87c8f30ce4e867a350388723a4160adfa017cc2c7b48d|libglvnd-1.7.0-3-aarch64.pkg.tar.xz|315240
libice|1.1.2-1|aarch64|extra|dependency|a4ad016e993915e0aba8037ef0b9602ee55d9198b115c5d76a3397a4dda3c846|ff4955421894457a1ce4203f34f7dc3053f0c16c20a20bc9761d4e63f6657240|libice-1.1.2-1-aarch64.pkg.tar.xz|75552
libevdev|1.13.7-1|aarch64|extra|dependency|66e217a86abda724b5335341b1272da42c1f1b2f022dc3c51c088ee7cf9c7fdf|e085a7c2360a5a317ded2e65fc9a053d7036da17f0d39b437e1630c2991d62d5|libevdev-1.13.7-1-aarch64.pkg.tar.xz|59144
libgudev|238-3|aarch64|extra|dependency|54ad35f53e669683ef336aec62c9173b343b51efd4b6a7d3eb022708c1dc3c7e|0f296e7194ed47ed9c48fa9836417792984beb97a20a9ce3853fcd4b074846f5|libgudev-238-3-aarch64.pkg.tar.xz|42040
libwacom|2.19.1-1|aarch64|extra|dependency|6ecc05dc6acaf45745f9db3efa0434f9e6b35737a72ae1ce93ecbd50ff4318c8|753133d45ac72c6e7b59cc7929a7305f4c6677e524bbc787c41c629c59ab3a45|libwacom-2.19.1-1-aarch64.pkg.tar.xz|184652
lua54|5.4.8-6|aarch64|extra|dependency|02067d2d461dc347fbad2174a8be9fa7bc7866ae304d536f7f0d9a39a0dbb3ec|fd3fdaf1629dce5693a1e7b9479f671e3488c82184bcb70cec94a500a55fcc9a|lua54-5.4.8-6-aarch64.pkg.tar.xz|296964
mtdev|1.1.7-1|aarch64|extra|dependency|c6629223522c2e0f239fae28319c2519d4e584ea9dd4a0bd05ac3e830d445808|886e4b62ba7ee748164d38806b127c1d6728191637f2f4e78b6e9f73d9e885b1|mtdev-1.1.7-1-aarch64.pkg.tar.xz|16448
libinput|1.31.3-1|aarch64|extra|dependency|33b2f3674ca104b4d7dda0a1d780ca709572d4652a8eff1459c195441776aadd|42f5808d7a197024f4b33cfe6188b9d66cc52873227ceab85da1895133e3b80d|libinput-1.31.3-1-aarch64.pkg.tar.xz|209860
libjpeg-turbo|3.2.0-2|aarch64|extra|dependency|fd1cd460ef3a4bbeb1a660f9f4bbacd09d6dd817a10f0300891a6a552fddb5ec|98fc688c700aabea1a1cf125d0bfa221e195324bb2ca5e60a8dc8a0841fcad78|libjpeg-turbo-3.2.0-2-aarch64.pkg.tar.xz|503296
duktape|2.7.0-7|aarch64|extra|dependency|1e3c597a3290017cfef0aec1300fc9a4212a5af3680857807431bf881f3cf64d|ec86f34a3fcc5993fe3dc9950fec5111b091ce805596e33c03012c31ff207c6f|duktape-2.7.0-7-aarch64.pkg.tar.xz|163804
libproxy|0.5.12-1|aarch64|extra|dependency|071afd9aaa0dc6f45f5e81e51c9122aacfadf85726962d013fdecb67cbfcec9b|52bfddbeec58b0c8aeb50151ef838dde69e52ce89d829ee0f4c4119a2bae9b3c|libproxy-0.5.12-1-aarch64.pkg.tar.xz|27912
libsm|1.2.6-1|aarch64|extra|dependency|023fe454c714f591cf3f6c1cf0fc07d61779d96b71836bffdd8e8b07536bfb8c|07630c426259d3a8c0df405608566a68619eb01aeae11918aca682d2541651fb|libsm-1.2.6-1-aarch64.pkg.tar.xz|44556
liburing|2.15-1|aarch64|extra|dependency|efb67ef7eed7b30bebebbe9420fbf67bbfd0676c2b731f30e47e544cdb73feaf|3a42d42b719abe319f541f2110fa2a77893ed21dfe9456df915d217b75b8e068|liburing-2.15-1-aarch64.pkg.tar.xz|271192
xkeyboard-config|2.48-1|any|extra|dependency|6ee5de46d25850dee96be9c28f9870ea2ae0b19ac8fb3c2194d31b9649b03ecd|aaeeab21217c1f307f1c75165443c2274f215df788c456b21276bc670e41e95c|xkeyboard-config-2.48-1-any.pkg.tar.xz|843224
libxkbcommon|1.13.2-1|aarch64|extra|dependency|76b922d87d0af0011072b156464041ec5674f24ff1c78b7e85132fda72c9a7e7|728747f2821f46fa32a40da8a8a3ee08d5b968adfcbaf44b8dcec9954f60ab65|libxkbcommon-1.13.2-1-aarch64.pkg.tar.xz|263628
libxkbcommon-x11|1.13.2-1|aarch64|extra|dependency|6f456540140a0abea3ac01502a6bb0419af81851d08d159879091a05962004fd|19c710ba91b69e76a7c515168fcd6fdf10b996fc8b787652726b666833be08f4|libxkbcommon-x11-1.13.2-1-aarch64.pkg.tar.xz|38984
md4c|0.5.3-1|aarch64|extra|dependency|628672e501a7187658bbedd9d2c7185a39a59477221bbdaf15254ddb25cee787|0e85aa02b795850408ad0165278850c43676747a900569360bd263749a2bf653|md4c-0.5.3-1-aarch64.pkg.tar.xz|75540
shared-mime-info|2.5.1-2|aarch64|extra|dependency|1a13b14aec99ae2c7666e73b7b5f74b6c899f80fc9bf26d089ea51fe2cb4d821|b4e41dbd55d09e84e3546575d4859fd42d588fd5a45cd8d0552225ba06ae4638|shared-mime-info-2.5.1-2-aarch64.pkg.tar.xz|703476
tslib|1.24-1|aarch64|extra|dependency|ecad1c0c437edf05bdd8feff38a6e2e6c9647589f8eb148c88a51a8dad55f017|2cd78f536a9c149c2e1fd3897ea79005577fa879a83f9fe3fd87fee16979622b|tslib-1.24-1-aarch64.pkg.tar.xz|100528
xcb-util-renderutil|0.3.10-2|aarch64|extra|dependency|87ab6eb530aaf6a2cf25af677ceb4493346ff319bb86e041afb9408e606784e3|0722b9aedf43b8af580da0390eccbcd0beae1afd16207730b19d1007aa298560|xcb-util-renderutil-0.3.10-2-aarch64.pkg.tar.xz|9368
xcb-util|0.4.1-2|aarch64|extra|dependency|acf6f8f974bb4c5aa982eb8e9f7e988704807b3db9d747ce98f6ca1ffaa17b5f|7368d38ce0e85f16ac04b81fd4cb76854beec3d82a7f6ae4726b3e73e523cd5e|xcb-util-0.4.1-2-aarch64.pkg.tar.xz|11788
xcb-util-image|0.4.1-3|aarch64|extra|dependency|e615d2753b21b48d40317c603a75f41c3a1c5ac06a159a7af2b35708a1cc13a6|21d19c6ebaefd78b4c6ac4e66f283209a1b951aaa4016cb86a20bb87e7fd3835|xcb-util-image-0.4.1-3-aarch64.pkg.tar.xz|17068
xcb-util-cursor|0.1.6-1|aarch64|extra|dependency|8db3ad73de0ad3714b3a25f3f1eceba9c0c60dd2d84c84357fa34fab6106083b|7488a0dd54ac25bc91fa539edc64bdb383e4e892b035c11065f1d3589d627747|xcb-util-cursor-0.1.6-1-aarch64.pkg.tar.xz|11580
xcb-util-keysyms|0.4.1-5|aarch64|extra|dependency|05bd273ab344ea9d8fd44d1688f8ac5aa009071672bbc8b50571c252c39dfe7a|c72751b1efad2ced246a24619782929044c7bd22eb453d3594df2d2358e43c3d|xcb-util-keysyms-0.4.1-5-aarch64.pkg.tar.xz|7568
xcb-util-wm|0.4.2-2|aarch64|extra|dependency|cca68248ca0d4a83382cac35fec66e8965e121d792ab2cb54a048fd7f514b92e|7202157dd0d1038bc074648e128d6abce34863136443e2c843fb08ce6cd4005e|xcb-util-wm-0.4.2-2-aarch64.pkg.tar.xz|31348
xdg-utils|1.2.1-2|any|extra|dependency|afd760ce97e18f354c5893038327c70b72053c23b41e609c5351c5c22fc84cd8|f91b68e6c87f340bb7429ed581c5cad541bcbf9000789bbeeb73f7782cf96990|xdg-utils-1.2.1-2-any.pkg.tar.xz|60512
qt6-translations|6.11.2-1|any|extra|dependency|9dea56673b6caf3f0a90abd396a2292a8846d10d44c923d03ba3800c3086e4f5|9bac46e4040b38812d7e7f677f9534d1f2002da8bf04507cbacf4ba469a1c573|qt6-translations-6.11.2-1-any.pkg.tar.xz|1950888
qt6-base|6.11.2-2|aarch64|extra|direct|a93ad63dbf42e4468c4ad55144ae1cd6a2bf407b5234d92e93a9dc7a31724b6e|bf4594655e109c258c3d09524ccefa6b31bf63fe52735a239369e94de396791b|qt6-base-6.11.2-2-aarch64.pkg.tar.xz|14794572
qt6-declarative|6.11.2-1|aarch64|extra|direct|4f9137cbe4b79ae09ed1ef2ce70ddace7c4d8279e38bd63318c1e13b8b723b12|5add27fdba7faea0c8fcbd99db7b4eded19a00fbfea62e209109333e0406b75f|qt6-declarative-6.11.2-1-aarch64.pkg.tar.xz|17384860
libasyncns|1:0.8+r3+g68cd5af-3|aarch64|extra|dependency|6a06c61c24a5e1c032a62fff088644ea78462c34b6efb2536076506142adba4a|55bcc6b48c44ffb576ddfa19e7fc8be3f4d230963ef330b33fd46ee67e6fbdd2|libasyncns-1:0.8+r3+g68cd5af-3-aarch64.pkg.tar.xz|16156
libogg|1.3.6-1|aarch64|extra|dependency|91a402c06a669649cf463d17788fcd67c1993489008116193a900b19a7ada75e|40bf19a7184d7947f6001ae17fca2e0982f6fccc0a8bb62b19d8b0c1e5eea1ba|libogg-1.3.6-1-aarch64.pkg.tar.xz|199192
flac|1.5.0-1|aarch64|extra|dependency|100b54b7c4efbb41f1f18a560825477f9f403b6996a226dd86ca5227f0a6b83e|42b65242d56933e5f96efddec49562ae25e8a0fad49632bfd1dd602e64fbc601|flac-1.5.0-1-aarch64.pkg.tar.xz|276816
alsa-topology-conf|1.2.5.1-4|any|extra|dependency|fc04bacda1d93b22135985a71f0f73a8df57880d4d7f03c3368e5717a917d4cf|59692b2c252a31fdb7f62a4a164a84ac97dddd2c0e0810d0d050f0a7f72cc2c4|alsa-topology-conf-1.2.5.1-4-any.pkg.tar.xz|13528
alsa-ucm-conf|1.2.16.1-1|any|extra|dependency|7c8748eb29e8bdd1632071410aab1ed19edc0f48ffbe47375a51b5a4bdef8db8|ec52fc01aa08b8a24fb6d5511b916e8c73d2e1d45b3cc5e519f50c6f44b81e64|alsa-ucm-conf-1.2.16.1-1-any.pkg.tar.xz|130876
alsa-lib|1.2.16.1-1|aarch64|extra|dependency|fe32910ecf90d24b4662b9d437b3ac8f638786eef3719b558f7f98dc9e299a16|ba019ed4f093f70f20dc5ad65067a6afeffac87330c8c5d94cba8aba0e9b9861|alsa-lib-1.2.16.1-1-aarch64.pkg.tar.xz|471232
mpg123|1.33.7-1|aarch64|extra|dependency|b7474b336fc068ab1fe324577e296bc80ad10a34cb69cd33969de81d37744275|851b379bfbeff84e3f0d2b0a3f203c15d76ae12c7eab34d660425c93ba5c8aef|mpg123-1.33.7-1-aarch64.pkg.tar.xz|424156
lame|4.0-1|aarch64|extra|dependency|38f9981bc4f9ecb5d42263ea5a2f9c19531364d57b3b34b0bfa6e8d9601fc24f|b61bea476a5c87aa27ea11e445821bfd10c838c44b9c2f71d7a56c9efe6752a3|lame-4.0-1-aarch64.pkg.tar.xz|252564
libvorbis|1.3.7-4|aarch64|extra|dependency|22d10826e1b2b72b1c5f69ba116e4a4840197d3f808c37bfa738f9dd8b493118|96463dd5a18ec68f8465f8588356bee33e69e52d4235cef41ca81d4c186a11bf|libvorbis-1.3.7-4-aarch64.pkg.tar.xz|168412
opus|1.6.1-1|aarch64|extra|dependency|a111defb532e8e7e12815cffa06f59be23e3d5b95539d5588289a467a2a11b1a|34103a17bd7993d51ef9a2fb15ec6e110852efa5c24350bac9276897a64dfe69|opus-1.6.1-1-aarch64.pkg.tar.xz|3946736
libsndfile|1.2.2-4|aarch64|extra|dependency|5f8995bee55c37fff098d20cc61ca7b1b4a13c4bc2c1181aea493cc267154d61|ccbc34517fbe934e2f8d72a1e33b5be18556e45ade385a5d31d294a9e226ac23|libsndfile-1.2.2-4-aarch64.pkg.tar.xz|297312
libpulse|17.0+r98+gb096704c0-1|aarch64|extra|dependency|f6ba952dd3e9cc914cbb78f06ab5c6daaebaa115438238c06dbe42dfa71160d2|79b83bd540bfdc2d1e0faa185e31a29c8610c84f2184d980b1497555edaee6e1|libpulse-17.0+r98+gb096704c0-1-aarch64.pkg.tar.xz|346904
libpipewire|1:1.6.8-1|aarch64|extra|dependency|2af4060e5001c699d4a5ce65285722f24e58f2a7e5ada1e5d2da63aba31f2c07|43a71c4a246e02cc38ace66f0548497eaee14f0d9f104d5c7f082dca83969559|libpipewire-1:1.6.8-1-aarch64.pkg.tar.xz|489492
pipewire|1:1.6.8-1|aarch64|extra|dependency|893365fbf48facd79a0fd8506c60d246a6467bb452c7f268df7a7efd9a1a3637|c8a341ba5a5baf46804d1c8e67ae3c6c96b0d0ce45fe320dc1e5d7e5dfffdad5|pipewire-1:1.6.8-1-aarch64.pkg.tar.xz|650564
libxrender|0.9.12-1|aarch64|extra|dependency|f5f344d116ff42b379c50ef595e7e9a3a6f7ed09357f8cd3acab90a3d11c9960|5964f40f20cc60188d1e14e89363d68c57500b03cb0d08c991aa6feb68dd321d|libxrender-0.9.12-1-aarch64.pkg.tar.xz|27784
lzo|2.10-5|aarch64|core|dependency|7831512f18a7764b64f04c2c3483405c7576aefaf543b3fcfd462721afcf3c7d|6e2099240a1cf828c09d7284a0717bbfa15ba539720e3217e3e2f5bcdd064534|lzo-2.10-5-aarch64.pkg.tar.xz|78388
pixman|0.46.4-1.1|aarch64|extra|dependency|4d20f22998a75c9fe1d38c86cd6f4324120fc2bb02f4a749e4794daac6b87dd2|7a2580fee13f945802137098e91f7a8c8fd85cdd5eb10f7444f04947edb7c67e|pixman-0.46.4-1.1-aarch64.pkg.tar.xz|181292
cairo|1.18.4-1|aarch64|extra|dependency|e8515ab333a4da9270b05a3b926594a2e682b454b797370ef0400c2e842fc136|2c793feeb602c40aedfda9c30726da50c368b9c475a24211ce743ebbdeeed5f6|cairo-1.18.4-1-aarch64.pkg.tar.xz|584132
dav1d|1.5.4-1|aarch64|extra|dependency|1bacfe3c1125b7fe32d9fd9cce8fa48fd93aa0daf43608c2f92e6c1418ab9aeb|f9a5772b73799e45b1c23e07b3e80e9f11a74f298fe1328509ca9ac5e4ac6bdf|dav1d-1.5.4-1-aarch64.pkg.tar.xz|343120
fribidi|1.0.16-2|aarch64|extra|dependency|fb67c8b4fff88abc70ca28e3033844f783f2df9dea3d0212d21013e2e316fc88|aab4d80cc6d20ff663206c9338e6234514139e95626d7cd33720948d8109487e|fribidi-1.0.16-2-aarch64.pkg.tar.xz|70548
gsm|1.0.24-1|aarch64|extra|dependency|b7b47c8ebe3d0ef83875af1235fde8b3fa98fbfea930b380e9765c0cf71e3b0e|7e79273bf9640c0c3362920eb3747bbe023bf123640ccb6eff2c35ffcaf7acc7|gsm-1.0.24-1-aarch64.pkg.tar.xz|36536
libsamplerate|0.2.2-3|aarch64|extra|dependency|9292168d3d836579fb1af20ede097470638332bb2691097ea760b7396a1ce6ca|62839d08851d4bad13c2ebbfea14e9661652d7f093bdc1d244699d096f758068|libsamplerate-0.2.2-3-aarch64.pkg.tar.xz|989352
jack2|1.9.22-2|aarch64|extra|provider-jack|ad26da61009387cbe9bca7b0f2db3a1eee6e961b32d8b9cf43c93d773e949ed2|ce659f44b74abaad136fc3c6cbbceaa64c6c29741d8853507b28158357a2fa29|jack2-1.9.22-2-aarch64.pkg.tar.xz|424508
jbigkit|2.1-8|aarch64|extra|dependency|ecaddb099f4a1f1bcbc1497fd0f3dc98581552b9eacaa17c5568211c38bec1db|f00be593f9ab5855f9e450d054e6cacd319ec834ef7fc97c51bcf3be3ebfdb1f|jbigkit-2.1-8-aarch64.pkg.tar.xz|48816
libdeflate|1.26-1|aarch64|extra|dependency|d8798122abe2cdc8f496d7a65904b6c14bfcd4448d31a47629aaeb021d1134e9|691e10caba6354a0bb8eb329d6f8a876064d80dc90c320fe3f541e0fed8d67ec|libdeflate-1.26-1-aarch64.pkg.tar.xz|56044
libwebp|1.6.0-2|aarch64|extra|dependency|0fb38b71173ed214640ab0b6d5ad22d85f884f4d368ca9fef927b51ee43d0f9e|89646365f6805ec69f76d7b1e395feff1f044217480bd17798222d54ba44aab9|libwebp-1.6.0-2-aarch64.pkg.tar.xz|239984
libtiff|4.7.2-1|aarch64|extra|dependency|02a5d2d74019b39befd6cf63d9bde95a2d16f91b4d0d56939498375e0e491ffd|8dae1efda531e3ac7db09512cfe0c619eaae6787cc16fdea1315588b4fc340fa|libtiff-4.7.2-1-aarch64.pkg.tar.xz|354480
lcms2|2.19.1-1|aarch64|extra|dependency|5f93d01820b4e1a463f3cb11e19916bb3761b4faca20d4e1f0854329ba3f46f8|3e35d43d7cd15dc360e2c250b32610f97330b239ba30d2917d6998c1d337dd5c|lcms2-2.19.1-1-aarch64.pkg.tar.xz|205460
libunibreak|7.0-1|aarch64|extra|dependency|b76b357272df096180a3cb9e22f8586b0575d9d4e52b58459efff8d1a8f8461a|2c9c12bcf26cd15a8ae5a801854fefe2fa6de82eb7c4d4a761a308de428e6490|libunibreak-7.0-1-aarch64.pkg.tar.xz|23916
libass|0.17.5-1|aarch64|extra|dependency|88cbb23632552210e404ee7ecd35ac62201e707433b7abc2c0a00b4f84a53c95|9641414a934b6582537db7ccf34d9660d48fb73da6b089c101ad414962c662cc|libass-0.17.5-1-aarch64.pkg.tar.xz|103204
libraw1394|2.1.2-4|aarch64|extra|dependency|6b212ae0cbac953c6ee36c2730f03f5ab6aa718e1595d8a8100b05c4a986fb23|81dad489a71ce9f3cefce4c8e6c7483b0ba54f707eb424ad13423a11ebaf576e|libraw1394-2.1.2-4-aarch64.pkg.tar.xz|46224
libavc1394|0.5.4-7|aarch64|extra|dependency|70c4c99b1341c7d1d49076ba1c46aee6705510360fe66bd79414f367b20a628f|2b49f6b9f925eafb50690d2bbf958eec4d7c05fb540666a992a665ffc1a19bbe|libavc1394-0.5.4-7-aarch64.pkg.tar.xz|31748
libbluray|1.4.1-1|aarch64|extra|dependency|a4d09a0214323e8812cbb66c022c4cac8e6557c54b12d9ec87369bbcd5a74d67|2cf2bdf4095dd68afe32b7c1962280f7a762f8ba935cafee8e4b0b57928ac421|libbluray-1.4.1-1-aarch64.pkg.tar.xz|894348
libbs2b|3.1.0-10|aarch64|extra|dependency|ee59c4402dbc9ed69aa99f7524aaa496f6499827fb227113bcd654f9d8964eea|60b3cfb7cd367928805b2ba44fd4ac8914ef36216fc0b3209c08af84ab82a884|libbs2b-3.1.0-10-aarch64.pkg.tar.xz|16096
libdvdread|7.1.1-1|aarch64|extra|dependency|e1d686bc1cc9c1a016026757380d59b899120c21a438a197f74678d018efbaa2|933e1a30ce235049cb06cce9b03f4ec848735091023ab4188d0021c53d6f7643|libdvdread-7.1.1-1-aarch64.pkg.tar.xz|127560
libdvdnav|7.0.0-1|aarch64|extra|dependency|b2efacbf84af912d2c758687ed63058361d6bcf073c5ed04a7ae0ddebe42877e|ec28407ffcf7a2ab822c3f3bbf7db6f05c78f882e709bff9e94437607fca9cfa|libdvdnav-7.0.0-1-aarch64.pkg.tar.xz|57352
libiec61883|1.2.0-9|aarch64|extra|dependency|0ce1403ff5e051eb280b7027cc8f671bc58f335604aaa48a5d204b33bc1daae0|1a6519c2221a2614015dac7588a8fe1c81b08082c8525fe07458922e1f77318e|libiec61883-1.2.0-9-aarch64.pkg.tar.xz|30756
giflib|6.1.3-2|aarch64|extra|dependency|e76eb0af39d3d9bb7a5f792d3040c7524c49bbe69395df54e4193a4510ed2e87|c3860b204884ac5c580d5e54c000ed44d9fe036da422cdf9e2408cffd3cf710f|giflib-6.1.3-2-aarch64.pkg.tar.xz|85008
libunwind|1.8.2-1|aarch64|extra|dependency|2a7997e329d12ad6d9e18229a1e7e0f38710f655b6140443fa5e2283265287fc|3ad2580c6c0f1cfd34610be3e9c55e18c2a2c7edaa77a7fd86a53e7d659a03c5|libunwind-1.8.2-1-aarch64.pkg.tar.xz|133984
gperftools|2.18.1-1|aarch64|extra|dependency|3cc5b9b683c6c783694759b2de1c618d7c20c3a36e9d8cb29eeeb0ca20fe8bbc|b1a8632353e0e38e13b052a129d2861fa0bb68fdc7e51a90f649a5f41e16791c|gperftools-2.18.1-1-aarch64.pkg.tar.xz|469944
gtest|1.17.0-2|aarch64|extra|dependency|4ffd701870b5280cc246e9a48bbcbfae4c0504f75621db24243d561f364c0613|89347ce7d02078ca85b112df5b926796282c3d05a9c4d3dda817a36e64c6c096|gtest-1.17.0-2-aarch64.pkg.tar.xz|356456
highway|1.4.0-1|aarch64|extra|dependency|5679e47d31ae1ecca8b7e18b9a24ce6027ca333c42d9283bbd30ea7fa672ba8f|f4472f3281e406459daf10c10d2d1685fc39b339001e89a282ee599acee8377e|highway-1.4.0-1-aarch64.pkg.tar.xz|737544
libjxl|0.12.0-1|aarch64|extra|dependency|fb4a1fdfb0fe1e8434578abcd6c6e84d4e89a9bdb2ed44334f0a1a7a94306c45|64928972e86202c068931162fee9907c2edd945ada388691f38e3a68b8d7c263|libjxl-0.12.0-1-aarch64.pkg.tar.xz|1243932
libmodplug|0.8.9.0-7|aarch64|extra|dependency|b981d39eaa65eab18192c174f2dfafe0cc2579a00d6defbc296cceed2e9a8517|a3dbe9f05d4c2a384e8afd71f118058ebb252b2b576fa9c1cc41875204a19f50|libmodplug-0.8.9.0-7-aarch64.pkg.tar.xz|150424
portaudio|1:19.7.0-4|aarch64|extra|dependency|01aeb9996f9d642008274c59c337b1c9f51e847d6106124752722bcae41bf911|7d2f71c9e3401c9e9d6b55c6895b848d2cd65a57959290dd39c5670d17626a58|portaudio-1:19.7.0-4-aarch64.pkg.tar.xz|91772
libopenmpt|0.8.8-1|aarch64|extra|dependency|c6a33acb08ddd5edf466625b90108655bbd4d3fe300a2efc3b52ce2aa2335951|ee16c22718c231d288db2e1509ef54967ced4c526a4bf57ea71b34b116759266|libopenmpt-0.8.8-1-aarch64.pkg.tar.xz|1045816
vulkan-icd-loader|1.4.357.0-1|aarch64|extra|dependency|1163492a4ded4484623bd350b4ed69ed908b75520a6cb7a730695579a0e254e8|df3522d04d62a0a79340c23f99aeef400c11e0e9b309c9caa53743c5b7eda090|vulkan-icd-loader-1.4.357.0-1-aarch64.pkg.tar.xz|141328
glslang|1:1.4.357.0-1|aarch64|extra|dependency|f2415c238ca8299f9f31ae87c263d4ceb269364b0826e91f5fc9a1fefbaac243|5d4aed6eeba9eaab0f5bc6fcfd8e3c0667fd082b372f295eb293cffbb516e87c|glslang-1:1.4.357.0-1-aarch64.pkg.tar.xz|2120656
shaderc|2026.3-1|aarch64|extra|dependency|f0c1021649f95d367f35359c5a05219aadfbd6cd0501a8bbd3383c5215c44ccf|d2b3dc876aca6a4cefa08539a97cd55fef40960aca6b6d209f40008c7831ebdd|shaderc-2026.3-1-aarch64.pkg.tar.xz|123728
libdovi|3.4.0-1|aarch64|extra|dependency|5394d3887703918d344bb60ee30f747e14136d6d907a17e7d6a742a4fa6867bc|6cae893cb43154d2e2b697ea33e3a045eb1cefbddea48342272bc047fa1b86ba|libdovi-3.4.0-1-aarch64.pkg.tar.xz|239568
libplacebo|7.360.1-6|aarch64|extra|dependency|1b3aa1d2639a0551c7b267baef86aa8ba9212ca3445129e5e1d5e78bdc5b660c|fd34b2811921fb62f8d7677b4cbc3379d70b7609abee5727c5d32b8df33e90a4|libplacebo-7.360.1-6-aarch64.pkg.tar.xz|459404
bubblewrap|0.11.2-1|aarch64|extra|dependency|c118223d2d8011595827b5c82a2d9b49d28bdaeb2500c29f92cc506b6953c068|d502337d7fe72f667203eec0b79939250df4d74e71d306ca53869f1659f0e636|bubblewrap-0.11.2-1-aarch64.pkg.tar.xz|38808
glycin|2.1.5-2|aarch64|extra|dependency|4e81cfef254f37e444a35c15d023f2fcdbd1586e8b48f47899ed9d81c52e9f4c|fd5e78597c1ca2cf0326246d156ff8926f198f9fca2c7ae0e37bb0b847a57d66|glycin-2.1.5-2-aarch64.pkg.tar.xz|3357200
gdk-pixbuf2|2.44.6-2|aarch64|extra|dependency|b82777737dc0bd778040595ef78f73b9f03c06f4e45320490f5dbf80e393b657|d1a9407e3968b86653af8ef3ea47ad48e6471474014643463b7ce84ecbacd83c|gdk-pixbuf2-2.44.6-2-aarch64.pkg.tar.xz|446168
libdatrie|0.2.14-1|aarch64|extra|dependency|13f6aeb32f57d91c59ca68ce21abce48353081e886d3e8c2d89d5884b1f4b969|6b066c4d0b574bf88ae8d51265805ae4af6bdf511c9628bff653ce54a59fbede|libdatrie-0.2.14-1-aarch64.pkg.tar.xz|109632
libthai|0.1.30-1|aarch64|extra|dependency|6bef55010b97524e3e2c7de4ec8834df5971eab8fe8ac4c5f2e88e42fad28524|591f61b958deff84c5c6e35c0115ec7c7efd6b408e9407868e1fd4554eb4a936|libthai-0.1.30-1-aarch64.pkg.tar.xz|252064
libxft|2.3.9-1|aarch64|extra|dependency|30a770b25a75ff27cc96bf7b2c7fa8c022a6784786c1614a5a4564c86d1196af|efe30f9a0b6c6ae936c74bdb9bc45c5899dd7cbcdc26a0963b6ff1a959f6a1aa|libxft-2.3.9-1-aarch64.pkg.tar.xz|58276
pango|1:1.58.2-1|aarch64|extra|dependency|89712127cef41515a3a7b92bc632dcb9c635e9088126ee238d3b63f675d4e7eb|66cd7495ed7ffe2956a195c561459c296c5668e6000d65a7c5f5470cab49673f|pango-1:1.58.2-1-aarch64.pkg.tar.xz|414852
librsvg|2:2.62.3-1|aarch64|extra|dependency|ac326e01c246024c62d4fea5b96513b82a198042057ae66b12641a05127aabae|14e8d9cfbb9d41b65bab477839c31e98ad24ec7799bce9d4f3df5f24d4ce11d5|librsvg-2:2.62.3-1-aarch64.pkg.tar.xz|2011016
libsoxr|0.1.3-5|aarch64|extra|dependency|c61e55285c17399b1fa70a35524b80049bc34bbc21c6f3e96537e01e7635e8e7|ce0319310dc501c51a7fad2d1f0e2d9c6c41a75fe30c5dfe34049a3c0aebc000|libsoxr-0.1.3-5-aarch64.pkg.tar.xz|59252
libssh|0.12.2-1|aarch64|extra|dependency|7ffb12281aa0a78456124c6a7500f48b03ac6a97f86125a6986d76bdbd31b2f3|5dd681eca59b27367c76cef924329c098d4c7fe27120fb9e7bff4f250d5f466a|libssh-0.12.2-1-aarch64.pkg.tar.xz|233504
libtheora|1.2.0-1|aarch64|extra|dependency|cb43eaac20d6e338502147d328843299f37be6a3bb97afab57dc2afdfbdc102f|bd4258659939c0b80a8785210ca2d926696878ecfa4478ffc103f46d947283b3|libtheora-1.2.0-1-aarch64.pkg.tar.xz|380664
libxfixes|6.0.2-1|aarch64|extra|dependency|be025023ed05babf0372515e8346128f5dd7eccd82fd51be6c3c88eb8881d7a2|ab8ac60a762d1bdc3742ef15aad4dbe241197794fa75d8343ec68e6f8f25ef26|libxfixes-6.0.2-1-aarch64.pkg.tar.xz|13844
libva|2.24.1-1|aarch64|extra|dependency|208f2b00046c22544855390ae9359ac59a13f375ab1d6d1e3f50ee875ae9db61|77c200e2cc6618be6ac79615e012a1902fbfda7b2ae05bbe1d0a71c802f25a4f|libva-2.24.1-1-aarch64.pkg.tar.xz|193448
libvdpau|1.5-4|aarch64|extra|dependency|661b2f9d9be5306c16368806b2df2044a404a8bbf9c58deeb0ecd88d8b309877|ae2c292e98abff8498d3f0d4f5274f38a6c8e073a4a0807d10c2314c14715da9|libvdpau-1.5-4-aarch64.pkg.tar.xz|58712
libvpx|1.16.0-3|aarch64|extra|dependency|5679ece185fcb4999c80f44826a35462c0d84c388e906448396804c3102a256f|1b1307ac9a353b19b712464ea73c2e673a3c55ef0cb51bb8ea00bc53f19cb0f5|libvpx-1.16.0-3-aarch64.pkg.tar.xz|1393148
libxv|1.0.13-1|aarch64|extra|dependency|03abeee4ba4b04cd0f6457ea60005e84701fd929bdd57d1a1be9034101c15243|0b05ea1f18099c07f602f0375bf7d66c872014ac30268cec9ba0b625b2716ca1|libxv-1.0.13-1-aarch64.pkg.tar.xz|35444
ocl-icd|2.3.5-1|aarch64|extra|dependency|fd826f2eb9888ebddce07e89ef6069f4f10d2120ae2cf2e2d424b4c25ba88b60|2d4eaa560722cf6072434a8bbf07bd3c6eafdf1f72043dafea4b1905418bf767|ocl-icd-2.3.5-1-aarch64.pkg.tar.xz|74732
opencore-amr|0.1.6-2|aarch64|extra|dependency|7a81ea01d12d4a83879204d8be2071d2417d21cced2ed8e076ab309a951ba98e|cddd4d54de68c58bce0823edf4ccde274c9b3f7a4e0ba727c5e8b1ce9b440ee7|opencore-amr-0.1.6-2-aarch64.pkg.tar.xz|136700
openjpeg2|2.5.4-1|aarch64|extra|dependency|aa64049214538bcb2830415891af2d494dfdbb1b930b0f251da4f99acf231f47|239b5b6d9db12968fe298b93dc34b1a18770a92aef917c1c2912fd469c937b18|openjpeg2-2.5.4-1-aarch64.pkg.tar.xz|942812
fftw|3.3.11-1|aarch64|extra|dependency|0d6b54edd0e73ec3f0e1496d2261834cf98eae71b4489c64a0ef6e6509d2e9b9|77524923efef23372137a9174a2a8ac2cdad29296d8d4482a35b936f8369eb43|fftw-3.3.11-1-aarch64.pkg.tar.xz|1505896
rubberband|4.0.0-2|aarch64|extra|dependency|22f46afe465016fef8e9e1738a38e3ee0b966cb19090b05b6d39155b12912b26|f64791114de07d7dba34f04de567d5b6e0d5dbf0558263e34a5fd2384bec74bd|rubberband-4.0.0-2-aarch64.pkg.tar.xz|212300
libxcursor|1.2.3-1|aarch64|extra|dependency|9102597b8989250aa23379202a95ae15e2c7816e573d9bc81bc1bf4bc77b646f|2c6acac563b51fa89de026b0bfd02eb1603904a58224eac0baf12a84854d9f61|libxcursor-1.2.3-1-aarch64.pkg.tar.xz|32412
hidapi|0.15.0-1|aarch64|extra|dependency|3c29d538838d3cedfaee37291cc139ffe07e9a9cd8da1c24ed8e58da5febd670|73ed6b680b85366be56552a1321dd3b9be9aa7ffbc9c4697c04839b276e12580|hidapi-0.15.0-1-aarch64.pkg.tar.xz|42400
sdl3|3.4.14-1|aarch64|extra|dependency|831a137156863cce6c8f6a8e5d2075dc767f98d39c28f65503c32f9fd78b407b|8c12794b4d8ce984031a6f0e9f80966a75b9973b7b2f06cfe7ccf248b16be60b|sdl3-3.4.14-1-aarch64.pkg.tar.xz|1494888
sdl2-compat|2.32.70-1|aarch64|extra|dependency|b1bcb50fc675c1ac54122054fc1cb894685c22aa4a10a3c3926ee18b955789c8|a09cf6a154a0d6655770513cac090cd98b71dc5606a328d815bbdf8261350d85|sdl2-compat-2.32.70-1-aarch64.pkg.tar.xz|457920
snappy|1.2.2-3|aarch64|extra|dependency|19e057413b812c31b2e540261480a7c1088c80c7d2999e3754953f3710cadaf0|ad04db6157f685e4b97806d260de7d3a4cdca0fae8892a0ed9d0ff28787c436e|snappy-1.2.2-3-aarch64.pkg.tar.xz|32008
libmd|1.2.0-1|aarch64|extra|dependency|2bcd0088c3e5f0380a7cb5204aecf78f1cc054d95e1d7164a987fa81c755956d|02fe66c1e7373926ecb33bf1c5308f88c1443ef2533e408683708cc158227cd7|libmd-1.2.0-1-aarch64.pkg.tar.xz|53676
libbsd|0.12.2-2|aarch64|extra|dependency|3d47f2e64ab9c2dfbdc5791ad7db237ed3c9708ad80718c26f4b850cf2b69238|d8c7a9b873c5de41fd7fc61c84ab40d41448ba0c8ef5eca68583d87fc7e09c29|libbsd-0.12.2-2-aarch64.pkg.tar.xz|164028
sndio|1.10.0-1|aarch64|extra|dependency|89d0daf0976681633039f0354eccc5b379e93ead2c78aae247f9adf59e2b378e|ce5656821c2a4ebbbd8ed6aa731796088e208339635fe15c611a16d26b1159fc|sndio-1.10.0-1-aarch64.pkg.tar.xz|121920
speexdsp|1.2.1-2|aarch64|extra|dependency|619c07961bcc824f5e93baaefab5cdc6b1ecdcdbab825d8b2208d46621bb52d5|25077a04f64728defc599807b9d6ea66e29ab8a4ce44cd2b00bce855dccb67a3|speexdsp-1.2.1-2-aarch64.pkg.tar.xz|456036
speex|1.2.1-2|aarch64|extra|dependency|32c63869dccafc80eb78271349a0f50692bff959efd751b07c9ea4add0c0f6e2|316dbf6d75e85fdd2cb3b1825b8853fa786a7f993ba13441c9b0450f8265ccd5|speex-1.2.1-2-aarch64.pkg.tar.xz|486108
srt|1.5.6-1|aarch64|extra|dependency|1c92b0f7a7b311630a822a4ac1bfb5b338144d64ea53c4aa8a5dcacc5c03624c|66bcf08b9ea096c4567fb81d7da6e7ede7a5fb59e7aafee61e5fc56559229c9d|srt-1.5.6-1-aarch64.pkg.tar.xz|473420
hicolor-icon-theme|0.18-1|any|extra|dependency|cdba2a3dba1dc73a10a1e2a4ac0da06deafa92ac243d81e127a1fcdafbe4a588|a25911051b351fdc48cdb1d5b303b143c1a7df5407272f636fcfa6f37ee4067c|hicolor-icon-theme-0.18-1-any.pkg.tar.xz|12320
v4l-utils|1.32.0-2|aarch64|extra|dependency|fa268be75a81fc55a69b03e53376997e82c738d5629d884f7d342e664033d607|942c1b152f4c6db8c17a0b9e5a018c8fe01ca2ed09709cc1c7a1a9486d155523|v4l-utils-1.32.0-2-aarch64.pkg.tar.xz|1901776
zimg|3.0.6-2|aarch64|extra|dependency|787c6dc29872e3cb900d51f90bfa1e7bfd069d8f91a4ea7e2b57740b71e381f7|5ce5977dced99edf98a37b91199bb3a19eb00c3cfebeb194522998cd84d7ec39|zimg-3.0.6-2-aarch64.pkg.tar.xz|115668
vapoursynth|77-2|aarch64|extra|dependency|47c8b6694084d688724e912e78186e74132a34e32eb988a67e5ca1456054d813|e109277fffbf036fe14eb90dfbc3dbdb7ab13832c2875db9cf1e8d38f7ce2eef|vapoursynth-77-2-aarch64.pkg.tar.xz|639140
vid.stab|1.1.1-3|aarch64|extra|dependency|8f325887ab16acc06523963799f1b4e028d200246d7eaaf641b24b1feac458c5|fa158251819583378f7dcbdb56de7c99379055411a1e5fa501a4f01eb8b82a1f|vid.stab-1.1.1-3-aarch64.pkg.tar.xz|45708
l-smash|2.14.5-4|aarch64|extra|dependency|a531dfd5c54afa31c9cc0f4b6969e7633774345db0b9e39dd8e302327d101165|2302e2b0c69c352431cb792a250f8a2a63a27ed3d010bbfbd4b0af41824dc7f7|l-smash-2.14.5-4-aarch64.pkg.tar.xz|292012
x264|3:0.165.r3222.b35605a-2|aarch64|extra|dependency|ef95679c4ecf842fd08d1e49c61977c39fb38f0c2c67384130e9aba860229f70|97fc39641afd923143a0ee1353b75ac6fe750c7f42a291b6ef9de25e1687f207|x264-3:0.165.r3222.b35605a-2-aarch64.pkg.tar.xz|569292
x265|4.3-1|aarch64|extra|dependency|dbdde57f05a0c77eaa5fe5e74edba74b19c072cd98350ea1d7ae8a8f50089898|7dd8dc2d91d355c7ec1905c695943e9b67fb816192009640c4dd4c00c96053ca|x265-4.3-1-aarch64.pkg.tar.xz|1254356
xvidcore|1.3.7-4|aarch64|extra|dependency|3a502aa526a48dc0e98744ad6bd91e777fc6d97866412e8558feb4663093045c|45e44981c882af566e620552f5334c23dc219634288aae26b0e1edde8b7d5357|xvidcore-1.3.7-4-aarch64.pkg.tar.xz|162680
libsodium|1.0.22-1|aarch64|extra|dependency|0df84ee0659a06e2c192c72782484a0a6402535178f4ee867bfcb636cf2ebab2|5e4d69324393227e711833bd42f12719e2bc314788d2e54570a273c548e1fecc|libsodium-1.0.22-1-aarch64.pkg.tar.xz|162092
libpgm|5.3.128-4|aarch64|extra|dependency|9bfc588e91f3c68639538c6eec8bd50905095fb7a480392ec69503b4f7b57009|732f47f4ba2ba281ae53b33a08dc3f5f299111240ed9a3f891e9c8ebbf97a35b|libpgm-5.3.128-4-aarch64.pkg.tar.xz|164780
zeromq|4.3.5-3|aarch64|extra|dependency|ae6e65b77c02fcec6b566209f02f0effd527234934b8fbc6042acba7619d9c71|20d30ae27ddf90be7c30429527fa37c97fec026e2433ce00af3533ea7aae139c|zeromq-4.3.5-3-aarch64.pkg.tar.xz|534876
ffmpeg|2:9.0.1-1|aarch64|extra|dependency|445d4b6b71e207811e6b8ae3fd1e9f32191417a45bd8e07e2aa95954195e509b|d2c3f972d90706ce148b356df750159d371b5c27a531ebdedf8159d361c213c8|ffmpeg-2:9.0.1-1-aarch64.pkg.tar.xz|13340192
libxrandr|1.5.5-1|aarch64|extra|dependency|50ced1a5945e325ef28fd4a5f9ee3e45e49f538841271f49326916576213a5f3|ab470b50026dfc384a74289a6ab30d73839bcb2cc33149cdafafbb50aba84b0e|libxrandr-1.5.5-1-aarch64.pkg.tar.xz|25596
qt6-multimedia-ffmpeg|6.11.2-1|aarch64|extra|provider-multimedia|043a8c0cd6b4180914140f4d77400ba5d95a65553977aa5d6672045b65049bf4|cfa15d49bed2a794e38aaea79d510c000702630f9afb13abd6126cd5d080d1c7|qt6-multimedia-ffmpeg-6.11.2-1-aarch64.pkg.tar.xz|469564
qt6-multimedia|6.11.2-1|aarch64|extra|direct|f1289f90afcf7bb96a69a4e0364c7420c9e9331e98ed3ae92afa9e4282403d8b|e7ba3188d92224bd0865f9f82e37bc73944f0337efa1c929ff12a637efb2981f|qt6-multimedia-6.11.2-1-aarch64.pkg.tar.xz|1212180
libsass|3.6.6-1|aarch64|extra|dependency|4772c6baf0408cfc3df87c52c7516484873b8e07cb813c0a41412ff763ad4737|e1cb44bd8ccc5e485e863f1fe4f589da09fd3c372c66b95ec41aca241e02e6f8|libsass-3.6.6-1-aarch64.pkg.tar.xz|612028
sassc|3.6.2-5|aarch64|extra|direct|60446b4f7fcff7374327f1ecd2aa2d9e84d99cbf562bbf93f056fa53681dd246|3e1bd76b57c6a0949c27c4f4ee411beffe22884c2de7f9ccb25854bfb98eab04|sassc-3.6.2-5-aarch64.pkg.tar.xz|8116
