schema: 1
observed_at: "2026-08-24"
purpose: "Research baseline only; not yet a build lock"

sources:
  - name: omarchy
    url: https://github.com/basecamp/omarchy.git
    ref: quattro
    commit: d99d4fc6de0bc99d48c9935724fa19d7fb41ae54
    architecture_note: "Userland largely portable; package and boot integration not portable as-is"
  - name: omarchy-v3
    url: https://github.com/basecamp/omarchy.git
    ref: master
    commit: f4378f0de5b44d331ee943746a97872b718a6c18
    architecture_note: "Legacy reference only"
  - name: omarchy-pkgs
    url: https://github.com/omacom-io/omarchy-pkgs.git
    ref: master
    commit: 40ddd6be195a704c1e4187fc7ecd3f2c8091e37b
    architecture_note: "Build tooling contains aarch64 paths; public ARM repository absent at observation"
  - name: omarchy-iso
    url: https://github.com/omacom-io/omarchy-iso.git
    ref: quattro
    commit: 268bac16d351a21d867e37565738f458b11cb06c
    architecture_note: "x86_64 ISO; ARM plan excludes Raspberry Pi/SBC boot"
  - name: archlinuxarm-pkgbuilds
    url: https://github.com/archlinuxarm/PKGBUILDs.git
    ref: master
    commit: a75cbace2e966c706fe02f98f538ff56f70b5d2b
    architecture_note: "linux-rpi and linux-rpi-16k 6.18.45-1 both provide matching headers; distribution authority"
  - name: linux-clockwork-arch
    url: https://github.com/OuinOuin74/linux-clockwork-arch.git
    ref: main
    commit: eef4936b13e581bc91054eaae20e18fa4d2b6120
    release: v7.0.9
    architecture_note: "Initial Arch CM5/uConsole kernel baseline; rebuild and audit required"
  - name: omarchy-arm-community-port
    url: https://github.com/alexisraitano-myffu/omarchy-arm.git
    ref: arm64
    commit: 579f15c699dab01e2b3b12e2c4d2503873359be9
    architecture_note: "Closest Quattro ARM port; Pi 5 headless run, no uConsole display or ARM update validation"
  - name: uconsole-omarchy-inspired
    url: https://github.com/kaleaditya28897-linux/uconsole-omarchy.git
    ref: main
    commit: 25db8906ac4f43f1743846c936ecff4c6998752b
    architecture_note: "Older Waybar/Mako/Fuzzel design; CM5 experimental; not Omarchy Quattro userland"
  - name: uconsole-arch-images
    url: https://github.com/wdkdot/uconsole-arch.git
    ref: main
    commit: 896a3acd39e0831fa4a1093ff4bb0db71d09c07d
    architecture_note: "Current Arch CM5 image/package reference; repository trust policy is unsuitable as-is"
  - name: arch-uconsole-prerelease
    url: https://github.com/TheZacillac/arch-uconsole.git
    ref: main
    commit: c65deaada6e49104101daac8573f6809020e732d
    architecture_note: "Signed repository design and arch-label lesson; implementation is CM4-only and pre-release"
  - name: uconsole-cm5-dkms
    url: https://github.com/yota9/uconsole-cm5.git
    ref: master
    commit: bf7a0ab55654c96b74d013520e1196d39f66391a
    architecture_note: "Stock Pi kernel plus DKMS/DT alternative; not yet tested on Arch Linux ARM"
  - name: uconsole-hyprland-dotfiles
    url: https://github.com/AleReb/uconsole-hyprland-dotfiles.git
    ref: main
    commit: a3c17f1761a548d089ed28b3204961e98410accc
    architecture_note: "Debian CM5 Hyprland display/input reference; not Omarchy userland"
  - name: nixos-uconsole
    url: https://github.com/nixos-uconsole/nixos-uconsole.git
    ref: master
    commit: 18a837c2bf7e823bcfe86d6bf98b15270e3d84c3
    architecture_note: "Experimental CM5 hardware and declarative DT reference; not Arch packaging"

moving_inputs_to_pin_before_build:
  - url: https://ca.us.mirror.archlinuxarm.org/os/ArchLinuxARM-rpi-aarch64-latest.tar.gz
    observed_last_modified: "2026-08-05"
    observed_size_bytes: 850215189
    observed_upstream_md5: 2ecc6c62970e0d48964368ee4a58a57d
    requirement: "Verify detached signature and record SHA-256 before use"

repository_probes:
  - url: https://pkgs.omarchy.org/stable/x86_64/omarchy.db
    observed_http_status: 200
  - url: https://pkgs.omarchy.org/stable/aarch64/omarchy.db
    observed_http_status: 404
  - url: https://pkgs.omarchy.org/edge/x86_64/omarchy.db
    observed_http_status: 200
  - url: https://pkgs.omarchy.org/edge/aarch64/omarchy.db
    observed_http_status: 404
  - url: https://stable.mirror.omarchy.org/core/x86_64/core.db
    observed_http_status: 200
  - url: https://stable.mirror.omarchy.org/core/aarch64/core.db
    observed_http_status: 404

build_environments:
  - name: archlinuxarm-aarch64-base-devel
    image: menci/archlinuxarm:base-devel-20260819.32222611223
    index_digest: sha256:ca84a8dbc78fff9f1fd12b64d9b2494dd284a64be02ed21364f158bcb25456e0
    arm64_manifest_digest: sha256:26022929f3689861d451aebce558f3a7715a661ff669ca67589d36ae677299d0
    result: "Infrastructure failure before build: local container store exhausted space while registering compiler layer; DKMS status remains unknown"
