# name|version|architecture|repository|kind|sha256|signature_sha256|filename|size
libelf|0.196-1|aarch64|core|dependency|a8f417d24a297384b27935381a0a4f892b121956066c09a3c9cd1e3a47c6d214|c8f2b924f3156afdb845ef83bfab9176b883b475c17f199e66deac8064acfafe|libelf-0.196-1-aarch64.pkg.tar.xz|577236
elfutils|0.196-1|aarch64|core|dependency|83951aac632b10ae3f814c9b0bc51e4b10045e40c7e89664fce2f9176299204c|9f0c26ec5759118517f889bc6f8d73f08d3c3e160afec9929442bd0225e30c70|elfutils-0.196-1-aarch64.pkg.tar.xz|671272
libdwarf|1:2.3.2-1|aarch64|extra|dependency|2c0251070fa13b3324729e985f96df0402ad7bbcf689ffd45e39bc769c14e21e|c5dc5ce6f810f6dba0992b13a803dfbce096bea419c8947858bd4acd030a3fb3|libdwarf-1:2.3.2-1-aarch64.pkg.tar.xz|396868
cpptrace|1.0.4-2|aarch64|extra|dependency|eb0a6a99a599fa8dd31102fa365f0dfdcfbd2892238f5a2157f79e2d95fbfc5a|06aacd352ac99afb19a6a93731e3064c07d353d999911830e2cde17037d8d4ca|cpptrace-1.0.4-2-aarch64.pkg.tar.xz|178268
jemalloc|1:5.3.1-3|aarch64|extra|dependency|ba0e2111e23e23d5d9313c3ba3d7e4830f949f247c757643726aceb10ec63dc7|1b7b2aa0f793099b10d6695314ae8d246d3acd91f100edc784cdfcde4d21e7f4|jemalloc-1:5.3.1-3-aarch64.pkg.tar.xz|319240
qt6-declarative|6.11.2-1|aarch64|extra|dependency|4f9137cbe4b79ae09ed1ef2ce70ddace7c4d8279e38bd63318c1e13b8b723b12|5add27fdba7faea0c8fcbd99db7b4eded19a00fbfea62e209109333e0406b75f|qt6-declarative-6.11.2-1-aarch64.pkg.tar.xz|17384860
qt6-svg|6.11.2-1|aarch64|extra|dependency|5bda5b8f55da2fd2341c09ee61db7b39b3da77d70784cb900d08b79c9c6e4b7b|7d41a251ac9694fc24db835d2ed8e0d931be9dfe8bc2f893097e0f33e99b5cfb|qt6-svg-6.11.2-1-aarch64.pkg.tar.xz|263572
qt6-wayland|6.11.2-1|aarch64|extra|dependency|12ca424df624858675357aabbde590f1013b674531d2c57aa123c1d4f333e530|73e72e5764897f3c7795d4932a5715edea521d447d96028d602cb6802011a842|qt6-wayland-6.11.2-1-aarch64.pkg.tar.xz|739744
quickshell|0.3.1-1|aarch64|extra|direct|03706324819168b9a25370cd394c8442fad7230c1948f680540f11377d5e0f8a|afca2802a2851eb107a739c263ac17efef4053bc8a47e8e1fbbafef0e9ca3639|quickshell-0.3.1-1-aarch64.pkg.tar.xz|1442096
oniguruma|6.9.10-1|aarch64|extra|dependency|0cb56e3f5e30813eb18b3de6ca9db6cd3d35e1fcbf761139edabe918d9ae6a35|4338f0237e2a9d8213a4581e19a2ca8f58a6480fb6bff8b5cd78ff76b6fee09b|oniguruma-6.9.10-1-aarch64.pkg.tar.xz|201924
jq|1.8.2-1|aarch64|extra|direct|a785a170c28f88b03c1190bd8898c4b2f2ca97839d5b277396e86f2cb107041a|85814cde2b68a7e6ee3a2778ee38964557e45c40af4a3bb599410f2b20ae9908|jq-1.8.2-1-aarch64.pkg.tar.xz|203848
libplist|2.7.0-3|aarch64|extra|dependency|d7dad53d8d174bdd6556dc6d8e60f3b49b2ee8749e39aef2642f6400bf1929a9|221305d6d168c9832fa416000d8997b293d18646bc7e61f59dbc92972549774a|libplist-2.7.0-3-aarch64.pkg.tar.xz|146200
libimobiledevice-glue|1.3.2-1|aarch64|extra|dependency|5f03793e06638133338af1d4358355625e2133bcfe9ef8070d62a8413d3fc054|8b7d9a1f2348a38aab03b962e64ed64d28a9f10e4bbd034e8ec28ee448bf3b4c|libimobiledevice-glue-1.3.2-1-aarch64.pkg.tar.xz|35000
libtatsu|1.0.5-1|aarch64|extra|dependency|48ad83e9ccb9df49d50731342b4823a8ef106a009cb2406ea2f653b231465c26|12f9fcf2fcc680ebd3cf329fe59b285fc46f3688ae3fbb6c76c4ae48002663d8|libtatsu-1.0.5-1-aarch64.pkg.tar.xz|17988
libusbmuxd|2.1.1-2|aarch64|extra|dependency|58573294f2f250cd230f383897a9d41cd6cf3b48fda601f9af14455c4eae6d65|0b0232b58599677a4620e3a537d7dac48f0b4c498a9274d12e37ed41d24bf00d|libusbmuxd-2.1.1-2-aarch64.pkg.tar.xz|27392
libimobiledevice|1.4.0-2|aarch64|extra|dependency|d3430b5f125168a47de50519905d9d203195f4fc4beb79268549f1b7447adff2|936b6b9ed688e0da61cee10a33d68b4a302caad4218436f06d18be3e8f40a5e4|libimobiledevice-1.4.0-2-aarch64.pkg.tar.xz|630616
upower|1.91.3-1|aarch64|extra|direct|2cc18344c7880fc1b7a9370ef7dff25bccd383ecfc7375c4b8e4559904209e7f|52534de26f911a942ae2cd651f0469f8f5aa0ff4ca4cc955fd720d3c515f9867|upower-1.91.3-1-aarch64.pkg.tar.xz|162004
power-profiles-daemon|0.30-1|aarch64|extra|direct|c1fe5080a573c73ed200217bbde3e11ba115568f810e260f004476929b3c7e64|2b14710bd5d3ab5dda55a429da0d9184b603e2b8c714138f392811c66ae609f7|power-profiles-daemon-0.30-1-aarch64.pkg.tar.xz|46444
wl-clipboard|1:2.3.0-1|aarch64|extra|direct|723a63b140e00085a533ebb1ec36fa9305b5e6cbd8fb80c0521fbeff77a72982|7cdb90043d1c26ba133411d8b39b76615fd929fa2d75f14c46e1ab05367aa76f|wl-clipboard-1:2.3.0-1-aarch64.pkg.tar.xz|33496
inotify-tools|4.25.9.0-1|aarch64|extra|direct|9b73d4618d3e010b49d0fadcad0d1313dd5bc08552b383adf4be2f55dd3eb79b|eaf8934f98a053eaf11c8048ff6685b2b18dd5dc5a7db7d63e912ffae9c0d89f|inotify-tools-4.25.9.0-1-aarch64.pkg.tar.xz|148672
ttf-jetbrains-mono-nerd|3.5.1-2|any|extra|direct|967fcc3690a1a71a3947de30e46a1be3f01d18250ad63f21dfde5de4d454d033|4e4c509504d0029398c51efdde630ac6c6260f088df46a7e9a97621db89e5dd0|ttf-jetbrains-mono-nerd-3.5.1-2-any.pkg.tar.xz|18962612
noto-fonts|1:2026.08.01-1|any|extra|direct|bc7d8c2d9819258229ae1a4b38036edfbf16d554ae785630dd5d29afe0eaeb66|98223e6c6eb29ea7291fefffcbe663bf630b3d24476b64f98eec822abfc5511b|noto-fonts-1:2026.08.01-1-any.pkg.tar.xz|27303616
noto-fonts-emoji|1:2.051-1|any|extra|direct|082ff807f21b7dd55538a6b202eea32dc3fd0792ac78d908e30631cc7951e552|a77a5b8fb16a31855ecbdd15835a701365fed0a35a256b9699d2412381cf1307|noto-fonts-emoji-1:2.051-1-any.pkg.tar.xz|9590944
ttf-liberation|2.1.5-2|any|extra|direct|e52cad7ee841491bb8b3d795d85dd56e9d6dafe16fd51be6626cef6d8131f197|0e11a722ecbc7bf7b98a4639cf4ee63cc6d29d69c4f3e80f975674a4f78599a9|ttf-liberation-2.1.5-2-any.pkg.tar.xz|1473856
