# filename|sha256|disposition
1778623107.sh|a241f1e25c123fda8c95090f292364ce4e514bfdc154a08169a6e340feb06e9a|baseline-do-not-run
1780057136.sh|1db3b17ef227a36d153722704362e0235ff1d334ffad10626ea6394fb91e5f67|baseline-do-not-run
1780294774.sh|b1b0bc4311d9fe3764de4a9c27432a97232c66fae20d24c917ee366b90d2c637|baseline-do-not-run
1780517689.sh|7ec9fc5242d04a7a4ca6517ab8f3092bc5d286018b71d1aef97e0456b0c840c1|baseline-do-not-run
1780739888.sh|4171e59eb32d3bc7b79657be59bbf4f174fc64f30b7090713ad0a6124e339c74|baseline-do-not-run
1781043107.sh|957f724d6c36697f858c3876365a00b6d226e9712be276c03fdf89650aae3dc2|baseline-do-not-run
1781063758.sh|df2699b76f61e79fab65f8db3325daff8f172e82e9d94a5869222e4172c1223f|baseline-do-not-run
1781158082.sh|ba1fa06b0faa1cd8bdc512dc2cd432022155b1272e0bebf6ea1cfd5207a6a306|baseline-do-not-run
1781286586.sh|ef1a86368753f8f2ac7ff982b16e9c9eab74ec58622b0b8463c4aafb67505d3c|baseline-do-not-run
1781485962.sh|92be3a71bb52f634394ac84e3f88902c600024e9924b4c400726b22d9cbeaebe|baseline-do-not-run
1781587663.sh|ee9db61af45b711885581f8594b21317174e7380b706871e77913b988cceaf8d|baseline-do-not-run
1781793381.sh|d458f8eac90dca05c8fb5e977c0b8384214b5a19ea612b2d09f6b14a682f06a1|baseline-do-not-run
1781984677.sh|3a0353ebd4ebae36b1ad664c5dad9f89a18ca7f8cf8face301550b7620043480|baseline-do-not-run
1782002156.sh|b26d4ac1d5f6fa6c68510319b4981eb56bb446999effe5df905788f02e973691|baseline-do-not-run
1782049344.sh|b369d816aac95c209a8e6a39d52000b8b851c469b122d05393def16af27f7c5c|baseline-do-not-run
1784401744.sh|1b1c29f7ffe21ec87f62ae1d947d8ba09cb07c78b1952367a02f00e94cc0d366|baseline-do-not-run
1784476564.sh|0106e33f6dd8aa7261d31b436e1e06378cc9bfb24125a8714eb5db26ee8abe14|baseline-do-not-run
1784479832.sh|70afbf89657237b628bed35d007a98d9c39368f5ea02e6fb539758884b26c9c4|baseline-do-not-run
1784508556.sh|b8e8bb5583cff8212898900997fbce8c8e3072327b6b687b44f19aa31424a8cd|baseline-do-not-run
1784510887.sh|782a955124d9a4caf6382707c0e461c4c1d35f124bba9c236fbd052b397024cc|baseline-do-not-run
1784521870.sh|942d6352430391da37319edec1a859202613ffdfcab047c15bfc5c5c4bad6253|baseline-do-not-run
1784568652.sh|c3ac13f831ae5b523b958c54aba40ed63233fa99a15da82d3d73eb63a09b40b8|baseline-do-not-run
1784672586.sh|3ece6a4467210783745423abcf2554aae6c997285cbb0ef025534c8d0dba7fcd|baseline-do-not-run
1784763917.sh|fe3f5d4f8db1065d9dbd38627578803c397ff55875a4a9ce51a4b263fb700600|baseline-do-not-run
1784767406.sh|3a19f46dcc3dd442360d89302a236f3878820ee2fee0fe5136a365a2cb7a5e36|baseline-do-not-run
1784809451.sh|cf24a65a5453272409428ad89dda165a635e8557500529873430b5533b72f6c9|baseline-do-not-run
1784809452.sh|6a942278438c24d4fc1a7e20df19ad7f0e88ac8fcacbe44bad503c58f3a7ec9a|baseline-do-not-run
1784818437.sh|e3cbec96d9a62e9e2650591c0743b362ce2808652256b2a90309eb3298b8d9a1|baseline-do-not-run
1784909971.sh|0ef24ac1a78690a1c7b1c4cb09d92f05f48c190b12df75a9b743b9d38cd3dcb6|baseline-do-not-run
1784914435.sh|c173aea1f0cd3093d07ec420cc73bbdbffd8529087e979c8ba873ea83d8fb726|baseline-do-not-run
1784917531.sh|34d0bf03b7d628f736f35182fc180e3b629b97255d9e67b4c4703435a1071966|baseline-do-not-run
1784960000.sh|f4215d430842f747152d7ce569540341a4f420538e7c1d91f27248f2e5a65ecf|baseline-do-not-run
1784961000.sh|f58126e21c59744354a102819b058c7f587adc0c9f2663189445488dfb328ae3|baseline-do-not-run
1784970000.sh|084e8e2c054d18f214c2d172ff60f6c4bacf7652e82d196fab76dc6cc12bf8d1|baseline-do-not-run
1784989000.sh|57ee2e1692488baf2436159d034d4f5f799b05f5433b3d278aa395663f7ae612|baseline-do-not-run
1785002349.sh|8fdaff61483c562b6961fdba43af239210b42fe81f73622c25b5c1c5d03a2087|baseline-do-not-run
1785013000.sh|b4d1e97ec81e8f63bc596283e2cf7f60737e35a70e78114333e15785ce4d4ffc|baseline-do-not-run
1785090473.sh|7bba9a6da1e901ef070b68397946c4e266a87054f5c2df5fa43b58d1a0118982|baseline-do-not-run
1785095882.sh|244163257e20ba6fea5c1133bdbc01cfb629bbcb6c1dfed36140e305c7dc5a76|baseline-do-not-run
1785101000.sh|1e92d8159a7739a8be029717abab62b5695cfaa570d2a982db48c9bbd452c42a|baseline-do-not-run
1785166747.sh|ac3eb47fbd7e01c5d39bda2f719a3b9a0df50b25aad3ad2df9161878cbb9c361|baseline-do-not-run
1785167800.sh|90c9033be8cb8cb83e99af6416f0766ce29b55b39a8cf9e1ceacba7a0f7edad8|baseline-do-not-run
1785189600.sh|5cb15c2d84e97ac50c727836c78839039daffd5e06644773135960469624517f|baseline-do-not-run
1785273276.sh|498f462c56ec3b6c0deba9b91167d662743e6e3b76670883df3a607c3ce9258a|baseline-do-not-run
1785344985.sh|d95d381ec037398e5b16421f3b4c9fb094a03f7ede480c48f0925e2374324de8|baseline-do-not-run
1785351479.sh|cc064884af736e7579917b6597a797315998b7e5f33eea3033c49ccb6bf818e1|baseline-do-not-run
1785424256.sh|509553fa03774a95f16435e64b2f4c08cc1d938339f865acead5f06dc6bc6775|baseline-do-not-run
1785511354.sh|5bd3bb7a2a12ef4cbec91cc6defd3f21830d40a73510f0ed1e19ff42f4c1e2d6|baseline-do-not-run
1785543725.sh|79d06a25b5e5f1a3c358cf2908be4c45eebfbd56fb9dc7c8b1941235af3c43cf|baseline-do-not-run
1785591762.sh|0f531e530b4a94a7f1d7228c0999b900dbbf8b05211cbae1743deb378696e90f|baseline-do-not-run
1785608166.sh|e1531373f9479544125dcd9983db417eb4daf47d548a13bef5b4dead8ae38674|baseline-do-not-run
1785608251.sh|e270f6778f9b392a436d349b4d3319e06e1fa616b7134d2b28e5420c949be962|baseline-do-not-run
1785617047.sh|b3ec0e14f60c28203d99177d4e6e5db769941b1645903db554dfa9d3492c64a6|baseline-do-not-run
1785633225.sh|9b8437e61b905ace5d73f5b9eacaff3a5917165a91b18b068ee578c9d13b3803|baseline-do-not-run
1785637426.sh|872a1d2e068dcff7f6ef9a7fdcbd9f41ef4513dc67179a894372a58ab9270912|baseline-do-not-run
1785846769.sh|cd70541bada47a401ad7cc83d609ddc85ba59fb2ece3cd07f11d5f611da66bab|baseline-do-not-run
1785944594.sh|462f92c4de3e0a21abbd5a804911956999c89ff638380bf78e87c56d7a07629a|baseline-do-not-run
1786098807.sh|656f95f07fea01f66ccdec40c06640774500a0f7ded019d3b0dfe2adc87be9e4|baseline-do-not-run
1786099804.sh|1f56248f7e8493652620f9e1a27c2655bacc5f0432e86677dabbc69684cccd7b|baseline-do-not-run
1786137597.sh|79138fe9e6f95396b9269ce418678d4286a7334900f53f3519df2975b69e0883|baseline-do-not-run
1786181929.sh|d0bfc92e590595dda321a8d1dc5c8c854c6780054aeb29b4f8609c1803fba0f6|baseline-do-not-run
1786183928.sh|0ee0af26131c67a7c6be786316d5da619cb1713c4b38a3fcaa3fab8d0301d6d0|baseline-do-not-run
1786273938.sh|7c228f6e86c7500a8de429543f1ca7c58f04368c00cee1ee333e2140bb64b4be|baseline-do-not-run
1786278735.sh|a7c6aefd93eb521c195eddcfbc888e92647e074e8b51170dabdc299fd8c33821|baseline-do-not-run
1786279107.sh|6ae8f2e4b0728d636346e357b509a49432b96cf9ed1ebf9f719ccb28c3922339|baseline-do-not-run
1786355450.sh|6842f84af0329d40077041707e14b4c3ff0e5654f611f836e49948b373482f89|baseline-do-not-run
1786380259.sh|e0f70e82ed6cf2ea71a1f9684e791b273d156a744555888e52db8744e231959c|baseline-do-not-run
1786386460.sh|d2b3190a0ebc504afa3f3e4191f8cabec7a99ec365f5f578dec496a36b944833|baseline-do-not-run
1786391100.sh|65ac04683858d6e92b8b89f75c66e42baddd9d055b8d277e977f3babec6afdce|baseline-do-not-run
1786447584.sh|242e704e869e87f38b260b065b980ca989660a19153ebaa2dc5d1b48e9f8bf49|baseline-do-not-run
1786451567.sh|c2c94582895dda94b30f5fdd7dd2eb3732b16d6349505a28608b54c057a2c0f4|baseline-do-not-run
1786482992.sh|0864233cb1d9b6e95058555533fe5a0064722bf885d781db5229d6444d60183a|baseline-do-not-run
1786517850.sh|c3779a2239113694a2e11a219da03f38b6f7c36c7b314165eb451daba74f2532|baseline-do-not-run
1786539345.sh|07a72a24c32bb24cfd1b8607b6dbde2a1d7488abc7b237fedf0eaf6e2eeafeb3|baseline-do-not-run
1786549201.sh|54d465910c57a72b43ed5829114e057fcd6e40860f452ce737cfde2010914e4f|baseline-do-not-run
1786567036.sh|cc0a19ab8708030d817b838b1fe09c11ec64d908fb5e763d8ae55b686119a707|baseline-do-not-run
1786605598.sh|89ef0645ed599c8e1e514c58c216611b166c6b07b4390e2fe645841a26fa148b|baseline-do-not-run
1786643346.sh|8be667fe62f5443e34e157f195eba50eac331e68263c2f66591b57fdcb0f07d5|baseline-do-not-run
1786719479.sh|559dfa33c135960ce996ca87a0f4d77633a9d72acd16c408ffdf08f18cc4e990|baseline-do-not-run
1786782461.sh|bd217bde4299b47f52a57ab8d7cdfd6592e118c93f10210054c5cc3137ae2ff2|baseline-do-not-run
1786952219.sh|be46d562fc277642889b55e9b26f57d3177fe83d357a9178ba12ac88a5d1dc03|baseline-do-not-run
1787133200.sh|a6d92d46eac7cf4e8c7eaf56c2a817144735df7cc3f923978667db1e038493df|baseline-do-not-run
1787215824.sh|d35cdc2a104e81651f893186a3255e25159de29a6034510d9f2e8ea0bc60a7fc|baseline-do-not-run
1787342993.sh|dbf56cceb6f7fbed3826756abea0ec18ea13ccb8da45d519b6e70eedaa80bea6|baseline-do-not-run
1787399318.sh|0550769617a7ea54bb945c12496575cd2f7c647b8b976cd437b7eccd7ae4772a|baseline-do-not-run
1787481315.sh|75df8e60ac43d0b4994f9a06671cd200f9f07c6b6c50cc04acef2819bcf689ec|baseline-do-not-run
1787573629.sh|eeae74c3d3153d14cb09f5649186cefbd288e02a5ed9ba284f993a1e3a472aad|baseline-do-not-run
