# name|version|architecture|repository|kind|sha256|signature_sha256|filename|size
libpng|1.6.58-2|aarch64|extra|dependency|feeae0049a26cb65612180df8bd3916eccc1ac6c2b5c290598045403364a360e|65368d70f34bfae26569b394d88be1e52214e013e3ecd3c085616027af77e941|libpng-1.6.58-2-aarch64.pkg.tar.xz|239264
freetype2|2.14.3-1|aarch64|extra|dependency|080b6aa7827298e5b92800229d76689e0dbff08cd96690ae75e8feedf6a9ae5d|2b7e1428b25300e635cfa8d6a58695f1c4c3f36feb2ddebd7e27a912aab2d7f2|freetype2-2.14.3-1-aarch64.pkg.tar.xz|487400
fontconfig|2:2.18.3-2|aarch64|extra|dependency|8f3bf0609eb73b15526179357e139441bf1a9a502c3b948f0925e9b1b586129a|4ddb76ba55a1afcf23593d75fd061f1a5f8a85f3440c62726067b20103399120|fontconfig-2:2.18.3-2-aarch64.pkg.tar.xz|385820
xcb-proto|1.17.0-4|any|extra|dependency|c494c60bbb63fe42cd68a37710d389818611775fd74dcb228d901003958aa8ee|4d63a0e1d212d5bea7c4f590f9f80b5e3a7b9934446537c85016fd3a584b335e|xcb-proto-1.17.0-4-any.pkg.tar.xz|127676
xorgproto|2025.1-1|any|extra|dependency|682bdb76951a10606b0f3dfaa6e3fd48df2bd183a060e66aa23fbce2473bca53|752c33aaefc9a165b32872b04579932827fde246343c0a53753fefc1043bc889|xorgproto-2025.1-1-any.pkg.tar.xz|238696
libxdmcp|1.1.5-2|aarch64|extra|dependency|aaf3575b4139a0ee675cbc15c03324d09892ded2188ac7cc326a8b36ef308496|d0278ab76d7e60e2960812d43bac281e2b36242858d3758aeedf274041d4c2aa|libxdmcp-1.1.5-2-aarch64.pkg.tar.xz|26648
libxau|1.0.12-1|aarch64|extra|dependency|f9abaead8ca4f0d4f9a6e181c3fcad8f96ddb9cf1d75d1d82a81c0ca8ad08a50|50f66512cf2ae861215b624c54406e90fdd4d76d6212be7346327893df61173c|libxau-1.0.12-1-aarch64.pkg.tar.xz|11664
libxcb|1.17.0-1|aarch64|extra|dependency|329a41249a09b4bb7f9b5f9694c1848c971188243cc1c0a479df4227800214c0|a1bec28878ff180682133e01d06c3db19fb56e174cb8f8f6bcce1e560edbf0a2|libxcb-1.17.0-1-aarch64.pkg.tar.xz|996228
libx11|1.8.13-1|aarch64|extra|dependency|e68195a71049251a68c5073c2baebc0f2bba41dbdfada5a41dbbd28a37040f3c|5a682383bb1c044c3f27b9aac8288d896edfa557b03608d439985042a8f833a7|libx11-1.8.13-1-aarch64.pkg.tar.xz|2011676
libxext|1.3.7-1|aarch64|extra|dependency|bff987768ac6bb9ed809d49f3c171c93ccf0c7264c59ec7b0940e844ba4e53ac|dc3526d0f1173280f0ecb039f5a7282d166d94b2ef7ad5f1951c49b9e78ba45a|libxext-1.3.7-1-aarch64.pkg.tar.xz|103732
libxrender|0.9.12-1|aarch64|extra|dependency|f5f344d116ff42b379c50ef595e7e9a3a6f7ed09357f8cd3acab90a3d11c9960|5964f40f20cc60188d1e14e89363d68c57500b03cb0d08c991aa6feb68dd321d|libxrender-0.9.12-1-aarch64.pkg.tar.xz|27784
lzo|2.10-5|aarch64|core|dependency|7831512f18a7764b64f04c2c3483405c7576aefaf543b3fcfd462721afcf3c7d|6e2099240a1cf828c09d7284a0717bbfa15ba539720e3217e3e2f5bcdd064534|lzo-2.10-5-aarch64.pkg.tar.xz|78388
pixman|0.46.4-1.1|aarch64|extra|dependency|4d20f22998a75c9fe1d38c86cd6f4324120fc2bb02f4a749e4794daac6b87dd2|7a2580fee13f945802137098e91f7a8c8fd85cdd5eb10f7444f04947edb7c67e|pixman-0.46.4-1.1-aarch64.pkg.tar.xz|181292
cairo|1.18.4-1|aarch64|extra|dependency|e8515ab333a4da9270b05a3b926594a2e682b454b797370ef0400c2e842fc136|2c793feeb602c40aedfda9c30726da50c368b9c475a24211ce743ebbdeeed5f6|cairo-1.18.4-1-aarch64.pkg.tar.xz|584132
hyprutils|0.14.1-1|aarch64|extra|dependency|59355bcaecdd4f0d0fabb16f9449cdd8c7ca086116a4e1706a7fba4fe95b9708|394a7f7a3b12e6b109949b1f2c4f93be1544236d16bc032cfab2ec7dafdd7456|hyprutils-0.14.1-1-aarch64.pkg.tar.xz|172512
pugixml|1.16-1|aarch64|extra|dependency|dc5562ca261b061942aba15b463223a492b4e3f53d427c63cf9583d46b5e2069|daddee202a0b426169c8bdb9b31918910ed153ea348fb1e3ba5b24aa3e81cf4b|pugixml-1.16-1-aarch64.pkg.tar.xz|94336
hyprwayland-scanner|0.4.6-1|aarch64|extra|dependency|2f383690181cb35c25827a2ce7675d3fbf4cda3e7d30840df0626837048a6487|25704aa4fdad191faa77caf2785e23babcbc1c0a32b1a2d57e9d7d4417df100b|hyprwayland-scanner-0.4.6-1-aarch64.pkg.tar.xz|76716
libdisplay-info|0.3.0-1|aarch64|extra|dependency|73af5a8923b764610ed281c3d1529c73bfeb40dcb3a4015a1e36ef4fc1ba7e5d|a97fdf6d5e4dfaacca48c2dc6c5d82919a2f410c2a82498d00c48922509f3991|libdisplay-info-0.3.0-1-aarch64.pkg.tar.xz|113384
libpciaccess|0.19-1|aarch64|extra|dependency|d490a86384c25a9258e7eec84f5eaceca072e6ca45c37972e12f6e8a3da3766d|e07be1eccd969abbf395677b0565cdb97cc7809f2fdda728c79360aa815df110|libpciaccess-0.19-1-aarch64.pkg.tar.xz|20856
libdrm|2.4.134-1|aarch64|extra|direct|d4173d7adc60d32d389e44e976447962c31bc23ff9a2153539bd8ad766e307b8|eba5b560895f0d12f8b92cbdaf32ee9425af439c201b733b6893d2b368300176|libdrm-2.4.134-1-aarch64.pkg.tar.xz|400060
libxshmfence|1.3.3-1|aarch64|extra|dependency|d137d6cc13a75284267cd56beabfde6094fb1a4f8fb373af555c2e47c0e6b636|453600aa081f78b0abac4271afec2a958b0bb7ede005b7c0cbfd9534b150dd86|libxshmfence-1.3.3-1-aarch64.pkg.tar.xz|6188
libxxf86vm|1.1.7-1|aarch64|extra|dependency|9c07efd6fe6040a7e2d19af307c74d5f2235b6313e74710a29ecedb56f9a6ded|9673a3563caccb2322ecc25305d6797603cab47ebb68bc9556137e511753921f|libxxf86vm-1.1.7-1-aarch64.pkg.tar.xz|15016
llvm-libs|22.1.8-2|aarch64|extra|dependency|f3119b25813452a1cddd84ea985d7d76d9da41201b39e82f15cf23c2d3ed348e|6bfa9eaa70713c8088714b57003e996bad9d76359c0f4b8c4156af9c981c7502|llvm-libs-22.1.8-2-aarch64.pkg.tar.xz|36838688
lm_sensors|1:3.6.2-1|aarch64|extra|dependency|dc855daccb5fe4a7f89702db47bd3c53b3047dee8de92df2de975fe130985eb5|56331bf2d6f551d9015a5e35b3beb5b39339abc27553c45290b90b2f6c4f7521|lm_sensors-1:3.6.2-1-aarch64.pkg.tar.xz|125904
spirv-tools|1:1.4.357.0-1|aarch64|extra|dependency|e49c54afc1e11b1a915df17ba380c4c4402477a5d5370417801a87df3388ae59|9be028473c49d20670b982c724f989cffacb46f06adb88686ab05ee45e288148|spirv-tools-1:1.4.357.0-1-aarch64.pkg.tar.xz|1935624
default-cursors|3-1|any|extra|dependency|19a87290af8829271e9670576096b08b9262d8fac1e3deb4167d7cd3d3ae1830|827073d7349739733b2c4e42eb0429e8ab38b91c4724a1edf0c7dbcd4af9e4e0|default-cursors-3-1-any.pkg.tar.xz|2412
wayland|1.26.0-1|aarch64|extra|dependency|9382b38f97ee3841597f89aa6ca1fceea3d968ae759151eaab9c4b5373d1ce72|5ca988b59b191e409eb09d73fb3ea23a1d4a7e893066149e8310bce8f2271109|wayland-1.26.0-1-aarch64.pkg.tar.xz|143632
mesa|1:26.2.1-1|aarch64|extra|direct|3f7082b6c45b6f8ada44e425cec35b516bb7c63fd910ec6990b81e294a4d670d|59af52d2a19ef2cc30639190ea24bc5ca0d3a2a31beebc2a1ebfda5511820297|mesa-1:26.2.1-1-aarch64.pkg.tar.xz|12634048
libglvnd|1.7.0-3|aarch64|extra|dependency|5a163e41583346b55f25de580e10c2edb31f5c8662667531d0e476b7b1336338|1069fbce37b23197fee87c8f30ce4e867a350388723a4160adfa017cc2c7b48d|libglvnd-1.7.0-3-aarch64.pkg.tar.xz|315240
libevdev|1.13.7-1|aarch64|extra|dependency|66e217a86abda724b5335341b1272da42c1f1b2f022dc3c51c088ee7cf9c7fdf|e085a7c2360a5a317ded2e65fc9a053d7036da17f0d39b437e1630c2991d62d5|libevdev-1.13.7-1-aarch64.pkg.tar.xz|59144
libgudev|238-3|aarch64|extra|dependency|54ad35f53e669683ef336aec62c9173b343b51efd4b6a7d3eb022708c1dc3c7e|0f296e7194ed47ed9c48fa9836417792984beb97a20a9ce3853fcd4b074846f5|libgudev-238-3-aarch64.pkg.tar.xz|42040
libwacom|2.19.1-1|aarch64|extra|dependency|6ecc05dc6acaf45745f9db3efa0434f9e6b35737a72ae1ce93ecbd50ff4318c8|753133d45ac72c6e7b59cc7929a7305f4c6677e524bbc787c41c629c59ab3a45|libwacom-2.19.1-1-aarch64.pkg.tar.xz|184652
lua54|5.4.8-6|aarch64|extra|dependency|02067d2d461dc347fbad2174a8be9fa7bc7866ae304d536f7f0d9a39a0dbb3ec|fd3fdaf1629dce5693a1e7b9479f671e3488c82184bcb70cec94a500a55fcc9a|lua54-5.4.8-6-aarch64.pkg.tar.xz|296964
mtdev|1.1.7-1|aarch64|extra|dependency|c6629223522c2e0f239fae28319c2519d4e584ea9dd4a0bd05ac3e830d445808|886e4b62ba7ee748164d38806b127c1d6728191637f2f4e78b6e9f73d9e885b1|mtdev-1.1.7-1-aarch64.pkg.tar.xz|16448
libinput|1.31.3-1|aarch64|extra|direct|33b2f3674ca104b4d7dda0a1d780ca709572d4652a8eff1459c195441776aadd|42f5808d7a197024f4b33cfe6188b9d66cc52873227ceab85da1895133e3b80d|libinput-1.31.3-1-aarch64.pkg.tar.xz|209860
seatd|0.9.3-1|aarch64|extra|dependency|0eb64d4af642f43af2309176be32e66534f84cb03edd49ad0666fc6a1c4063b7|fa8f347fe8dc34004002ba6fa3cc49054e310ba278d05c83c3738d015af23535|seatd-0.9.3-1-aarch64.pkg.tar.xz|37408
wayland-protocols|1.49-1|any|extra|dependency|9678c0d371ecfb5041b1b1d8a7986977bd82b7233984dbe25b33a54da0dbee27|d731754509b526be5f65900e4d645641bec9ac3b7ad6f7c59d821b8690bb920e|wayland-protocols-1.49-1-any.pkg.tar.xz|139436
aquamarine|0.14.0-2|aarch64|extra|direct|a6930011012be9faa7342bf767d66504144e6fff67dad938ede8628cfbd716ae|140d8ffd38b154bccc26977f7c2261e2567fd1abdff581d62ce0c109960a7a7a|aquamarine-0.14.0-2-aarch64.pkg.tar.xz|358140
glslang|1:1.4.357.0-1|aarch64|extra|dependency|f2415c238ca8299f9f31ae87c263d4ceb269364b0826e91f5fc9a1fefbaac243|5d4aed6eeba9eaab0f5bc6fcfd8e3c0667fd082b372f295eb293cffbb516e87c|glslang-1:1.4.357.0-1-aarch64.pkg.tar.xz|2120656
hyprlang|0.6.8-5|aarch64|extra|dependency|bd92f455fe0dc221767ae349e0f416f70fda779f810ea5a98b1fac2c77ed6527|5e45eb2f73f4bc9366efdf3eacd550b3cc2fe3f1405df9c031a7a7702ab82ec8|hyprlang-0.6.8-5-aarch64.pkg.tar.xz|98352
dav1d|1.5.4-1|aarch64|extra|dependency|1bacfe3c1125b7fe32d9fd9cce8fa48fd93aa0daf43608c2f92e6c1418ab9aeb|f9a5772b73799e45b1c23e07b3e80e9f11a74f298fe1328509ca9ac5e4ac6bdf|dav1d-1.5.4-1-aarch64.pkg.tar.xz|343120
bubblewrap|0.11.2-1|aarch64|extra|dependency|c118223d2d8011595827b5c82a2d9b49d28bdaeb2500c29f92cc506b6953c068|d502337d7fe72f667203eec0b79939250df4d74e71d306ca53869f1659f0e636|bubblewrap-0.11.2-1-aarch64.pkg.tar.xz|38808
libjpeg-turbo|3.2.0-2|aarch64|extra|dependency|fd1cd460ef3a4bbeb1a660f9f4bbacd09d6dd817a10f0300891a6a552fddb5ec|98fc688c700aabea1a1cf125d0bfa221e195324bb2ca5e60a8dc8a0841fcad78|libjpeg-turbo-3.2.0-2-aarch64.pkg.tar.xz|503296
jbigkit|2.1-8|aarch64|extra|dependency|ecaddb099f4a1f1bcbc1497fd0f3dc98581552b9eacaa17c5568211c38bec1db|f00be593f9ab5855f9e450d054e6cacd319ec834ef7fc97c51bcf3be3ebfdb1f|jbigkit-2.1-8-aarch64.pkg.tar.xz|48816
libdeflate|1.26-1|aarch64|extra|dependency|d8798122abe2cdc8f496d7a65904b6c14bfcd4448d31a47629aaeb021d1134e9|691e10caba6354a0bb8eb329d6f8a876064d80dc90c320fe3f541e0fed8d67ec|libdeflate-1.26-1-aarch64.pkg.tar.xz|56044
libwebp|1.6.0-2|aarch64|extra|dependency|0fb38b71173ed214640ab0b6d5ad22d85f884f4d368ca9fef927b51ee43d0f9e|89646365f6805ec69f76d7b1e395feff1f044217480bd17798222d54ba44aab9|libwebp-1.6.0-2-aarch64.pkg.tar.xz|239984
libtiff|4.7.2-1|aarch64|extra|dependency|02a5d2d74019b39befd6cf63d9bde95a2d16f91b4d0d56939498375e0e491ffd|8dae1efda531e3ac7db09512cfe0c619eaae6787cc16fdea1315588b4fc340fa|libtiff-4.7.2-1-aarch64.pkg.tar.xz|354480
lcms2|2.19.1-1|aarch64|extra|dependency|5f93d01820b4e1a463f3cb11e19916bb3761b4faca20d4e1f0854329ba3f46f8|3e35d43d7cd15dc360e2c250b32610f97330b239ba30d2917d6998c1d337dd5c|lcms2-2.19.1-1-aarch64.pkg.tar.xz|205460
giflib|6.1.3-2|aarch64|extra|dependency|e76eb0af39d3d9bb7a5f792d3040c7524c49bbe69395df54e4193a4510ed2e87|c3860b204884ac5c580d5e54c000ed44d9fe036da422cdf9e2408cffd3cf710f|giflib-6.1.3-2-aarch64.pkg.tar.xz|85008
libunwind|1.8.2-1|aarch64|extra|dependency|2a7997e329d12ad6d9e18229a1e7e0f38710f655b6140443fa5e2283265287fc|3ad2580c6c0f1cfd34610be3e9c55e18c2a2c7edaa77a7fd86a53e7d659a03c5|libunwind-1.8.2-1-aarch64.pkg.tar.xz|133984
gperftools|2.18.1-1|aarch64|extra|dependency|3cc5b9b683c6c783694759b2de1c618d7c20c3a36e9d8cb29eeeb0ca20fe8bbc|b1a8632353e0e38e13b052a129d2861fa0bb68fdc7e51a90f649a5f41e16791c|gperftools-2.18.1-1-aarch64.pkg.tar.xz|469944
gtest|1.17.0-2|aarch64|extra|dependency|4ffd701870b5280cc246e9a48bbcbfae4c0504f75621db24243d561f364c0613|89347ce7d02078ca85b112df5b926796282c3d05a9c4d3dda817a36e64c6c096|gtest-1.17.0-2-aarch64.pkg.tar.xz|356456
highway|1.4.0-1|aarch64|extra|dependency|5679e47d31ae1ecca8b7e18b9a24ce6027ca333c42d9283bbd30ea7fa672ba8f|f4472f3281e406459daf10c10d2d1685fc39b339001e89a282ee599acee8377e|highway-1.4.0-1-aarch64.pkg.tar.xz|737544
libjxl|0.12.0-1|aarch64|extra|dependency|fb4a1fdfb0fe1e8434578abcd6c6e84d4e89a9bdb2ed44334f0a1a7a94306c45|64928972e86202c068931162fee9907c2edd945ada388691f38e3a68b8d7c263|libjxl-0.12.0-1-aarch64.pkg.tar.xz|1243932
glycin|2.1.5-2|aarch64|extra|dependency|4e81cfef254f37e444a35c15d023f2fcdbd1586e8b48f47899ed9d81c52e9f4c|fd5e78597c1ca2cf0326246d156ff8926f198f9fca2c7ae0e37bb0b847a57d66|glycin-2.1.5-2-aarch64.pkg.tar.xz|3357200
shared-mime-info|2.5.1-2|aarch64|extra|dependency|1a13b14aec99ae2c7666e73b7b5f74b6c899f80fc9bf26d089ea51fe2cb4d821|b4e41dbd55d09e84e3546575d4859fd42d588fd5a45cd8d0552225ba06ae4638|shared-mime-info-2.5.1-2-aarch64.pkg.tar.xz|703476
gdk-pixbuf2|2.44.6-2|aarch64|extra|dependency|b82777737dc0bd778040595ef78f73b9f03c06f4e45320490f5dbf80e393b657|d1a9407e3968b86653af8ef3ea47ad48e6471474014643463b7ce84ecbacd83c|gdk-pixbuf2-2.44.6-2-aarch64.pkg.tar.xz|446168
graphite|1:1.3.15-1|aarch64|extra|dependency|87c700c71585c7f44f951928184deb690a78d39ad36ea9b6c07c59d7592e4c92|0910dbbcf8d5b395ceb27d3547a716f284366faf221df39903d0ce514fffcd45|graphite-1:1.3.15-1-aarch64.pkg.tar.xz|80168
harfbuzz|14.3.1-1|aarch64|extra|dependency|e7f5c87c03476370897e218babdde548134d28b5f9b53cd65db63b8428243e38|6c5a7ff6871c66233b5f98b3f2ecf379b1bc01f518a7cadb0af35cd1dccc08a6|harfbuzz-14.3.1-1-aarch64.pkg.tar.xz|1270424
fribidi|1.0.16-2|aarch64|extra|dependency|fb67c8b4fff88abc70ca28e3033844f783f2df9dea3d0212d21013e2e316fc88|aab4d80cc6d20ff663206c9338e6234514139e95626d7cd33720948d8109487e|fribidi-1.0.16-2-aarch64.pkg.tar.xz|70548
libdatrie|0.2.14-1|aarch64|extra|dependency|13f6aeb32f57d91c59ca68ce21abce48353081e886d3e8c2d89d5884b1f4b969|6b066c4d0b574bf88ae8d51265805ae4af6bdf511c9628bff653ce54a59fbede|libdatrie-0.2.14-1-aarch64.pkg.tar.xz|109632
libthai|0.1.30-1|aarch64|extra|dependency|6bef55010b97524e3e2c7de4ec8834df5971eab8fe8ac4c5f2e88e42fad28524|591f61b958deff84c5c6e35c0115ec7c7efd6b408e9407868e1fd4554eb4a936|libthai-0.1.30-1-aarch64.pkg.tar.xz|252064
libxft|2.3.9-1|aarch64|extra|dependency|30a770b25a75ff27cc96bf7b2c7fa8c022a6784786c1614a5a4564c86d1196af|efe30f9a0b6c6ae936c74bdb9bc45c5899dd7cbcdc26a0963b6ff1a959f6a1aa|libxft-2.3.9-1-aarch64.pkg.tar.xz|58276
pango|1:1.58.2-1|aarch64|extra|dependency|89712127cef41515a3a7b92bc632dcb9c635e9088126ee238d3b63f675d4e7eb|66cd7495ed7ffe2956a195c561459c296c5668e6000d65a7c5f5470cab49673f|pango-1:1.58.2-1-aarch64.pkg.tar.xz|414852
librsvg|2:2.62.3-1|aarch64|extra|dependency|ac326e01c246024c62d4fea5b96513b82a198042057ae66b12641a05127aabae|14e8d9cfbb9d41b65bab477839c31e98ad24ec7799bce9d4f3df5f24d4ce11d5|librsvg-2:2.62.3-1-aarch64.pkg.tar.xz|2011016
libzip|1.11.4-1|aarch64|extra|dependency|6f108f41399e25a1c20c4deb0b4c89d41d568f810c78104d20628fb7eb241f83|97736ba70622baaedbb47b53cadd40e33b9110c188da69ac901f0e568b5e84ff|libzip-1.11.4-1-aarch64.pkg.tar.xz|258420
tomlplusplus|3.4.0-1|aarch64|extra|dependency|79fb3aaffdb83b811096032183d34960ec7ae136a28217bf626c9a45ad750422|67854ceaa2dfc82ae4c1b9585c5983b231d495f8017e568492bc2ab3fe84202f|tomlplusplus-3.4.0-1-aarch64.pkg.tar.xz|164828
hyprcursor|0.1.13-7|aarch64|extra|dependency|c30d748c7942abb8f20c212c7e17f86199007f6ef4e20f07d95c3e47db6f63de|5d040fbf9087b3627f773b2f52185e30d9627f3382a4862fa56386c1a9f421d2|hyprcursor-0.1.13-7-aarch64.pkg.tar.xz|204804
hyprgraphics|0.5.1-4|aarch64|extra|dependency|f084a115374a913909f1a95db9f7e028a2b6a6b4ac3ac6da3e836ef5a0947a3c|bcb17461d68e4c8708da2869dd165b5ca6900cf01783ffdb8a8e82d5e90316ec|hyprgraphics-0.5.1-4-aarch64.pkg.tar.xz|79400
iniparser|4.2.6-2|aarch64|extra|dependency|982518cadb55958cf6859340542cfd870ceb954c08d94a23c8818e4ff58bb828|ca30a2099aef971cc87a0f3b26da73ec7d6a6b66871b16b0972809e4eaa4f0d7|iniparser-4.2.6-2-aarch64.pkg.tar.xz|17704
xkeyboard-config|2.48-1|any|extra|dependency|6ee5de46d25850dee96be9c28f9870ea2ae0b19ac8fb3c2194d31b9649b03ecd|aaeeab21217c1f307f1c75165443c2274f215df788c456b21276bc670e41e95c|xkeyboard-config-2.48-1-any.pkg.tar.xz|843224
libxkbcommon|1.13.2-1|aarch64|extra|dependency|76b922d87d0af0011072b156464041ec5674f24ff1c78b7e85132fda72c9a7e7|728747f2821f46fa32a40da8a8a3ee08d5b968adfcbaf44b8dcec9954f60ab65|libxkbcommon-1.13.2-1-aarch64.pkg.tar.xz|263628
hyprtoolkit|0.5.4-4|aarch64|extra|dependency|99f6e485d725541d5ed6f9b718d02807a5302529c7556f676099c5743bcb10bb|a522380b926de184758e6ab4e35c6023289fb050f6ae51ed62ec5042340bad4c|hyprtoolkit-0.5.4-4-aarch64.pkg.tar.xz|388404
hyprland-guiutils|0.2.2-2|aarch64|extra|dependency|b94b336315535e66eeaab2740f3a40e63e9f1909259601ae29119e8869aa5e8d|48bfb808a63419b0cc8041ca088146f1fc803adb6d076185583e6b3dafccf0fc|hyprland-guiutils-0.2.2-2-aarch64.pkg.tar.xz|133672
hyprwire|0.3.1-3|aarch64|extra|dependency|da2c68e1163143cda6fc2a3f4d4bdf5485d598dd1c672b2d382b75904f145aca|803e7398e293c48df634000b73251dcb72f17c72b650da579500b8241dde4b4a|hyprwire-0.3.1-3-aarch64.pkg.tar.xz|169708
libxfixes|6.0.2-1|aarch64|extra|dependency|be025023ed05babf0372515e8346128f5dd7eccd82fd51be6c3c88eb8881d7a2|ab8ac60a762d1bdc3742ef15aad4dbe241197794fa75d8343ec68e6f8f25ef26|libxfixes-6.0.2-1-aarch64.pkg.tar.xz|13844
libxcomposite|0.4.7-1|aarch64|extra|dependency|37f2d1eb8e2eeef41c0b6cc290aba66ed1783ada5657801929d5390893383978|0908be5df7c311c397949b56929236af47e0a9d6c44e88d3657789941efa65ad|libxcomposite-0.4.7-1-aarch64.pkg.tar.xz|11676
libxcursor|1.2.3-1|aarch64|extra|dependency|9102597b8989250aa23379202a95ae15e2c7816e573d9bc81bc1bf4bc77b646f|2c6acac563b51fa89de026b0bfd02eb1603904a58224eac0baf12a84854d9f61|libxcursor-1.2.3-1-aarch64.pkg.tar.xz|32412
lua|5.5.1-1|aarch64|extra|dependency|bc30a8770a0e8bf42cdba5b49c1dcffce547396405526130845719cab5adf72d|bd6cdb370cf231d61d3fee6ae31473ecfbed40238e728f1426df5a20f4648bb5|lua-5.5.1-1-aarch64.pkg.tar.xz|309320
muparser|2.3.5-2|aarch64|extra|dependency|b24f24e43aa24fb1741e4c83a4da982275501e8cdf04677997067bb1cc1fab26|b088959deabc0f342bcdbc19b743a4853ff6f414d4ffba1514d8c06c769a338a|muparser-2.3.5-2-aarch64.pkg.tar.xz|140064
abseil-cpp|20260817.0-1|aarch64|extra|dependency|ca5a6f79fb2a38c73fb672ec691b672b1a2cf618f7604413664ffda5fed0b93a|acde7e73be09830f4d70a60262711a55bd2c48bce52e3465a3eff0c76ecd8172|abseil-cpp-20260817.0-1-aarch64.pkg.tar.xz|1309856
benchmark|1.9.5-2|aarch64|extra|dependency|710ab192abd501f2783bfb665377d0c3324a7619763a8b2afda0d69bc8798b96|19836d4c54a9eba85ba1dfccfb843b218b93d7b92a1d5f189e5aa2272965aecb|benchmark-1.9.5-2-aarch64.pkg.tar.xz|222384
re2|2:2025.11.05-6|aarch64|extra|dependency|3b970a665b28815a94bd3695646e7dc42af77b78eb7370c4fea59cfedbb2395c|0f2ba44d069e7e9df738c212a3f8da82882c049ff69200d7d4684f73d6852e83|re2-2:2025.11.05-6-aarch64.pkg.tar.xz|194992
xcb-util|0.4.1-2|aarch64|extra|dependency|acf6f8f974bb4c5aa982eb8e9f7e988704807b3db9d747ce98f6ca1ffaa17b5f|7368d38ce0e85f16ac04b81fd4cb76854beec3d82a7f6ae4726b3e73e523cd5e|xcb-util-0.4.1-2-aarch64.pkg.tar.xz|11788
xcb-util-errors|1.0.1-2|aarch64|extra|dependency|50bbcefde3803aba7a8a4502e927fff5e71261c6e6b82d32e478ae5d2ec8af24|4cd00bf9e35321dd7d3fc267d25145269c77e170c373ab714ec9bae5f3b76586|xcb-util-errors-1.0.1-2-aarch64.pkg.tar.xz|12944
xcb-util-image|0.4.1-3|aarch64|extra|dependency|e615d2753b21b48d40317c603a75f41c3a1c5ac06a159a7af2b35708a1cc13a6|21d19c6ebaefd78b4c6ac4e66f283209a1b951aaa4016cb86a20bb87e7fd3835|xcb-util-image-0.4.1-3-aarch64.pkg.tar.xz|17068
xcb-util-keysyms|0.4.1-5|aarch64|extra|dependency|05bd273ab344ea9d8fd44d1688f8ac5aa009071672bbc8b50571c252c39dfe7a|c72751b1efad2ced246a24619782929044c7bd22eb453d3594df2d2358e43c3d|xcb-util-keysyms-0.4.1-5-aarch64.pkg.tar.xz|7568
xcb-util-renderutil|0.3.10-2|aarch64|extra|dependency|87ab6eb530aaf6a2cf25af677ceb4493346ff319bb86e041afb9408e606784e3|0722b9aedf43b8af580da0390eccbcd0beae1afd16207730b19d1007aa298560|xcb-util-renderutil-0.3.10-2-aarch64.pkg.tar.xz|9368
xcb-util-wm|0.4.2-2|aarch64|extra|dependency|cca68248ca0d4a83382cac35fec66e8965e121d792ab2cb54a048fd7f514b92e|7202157dd0d1038bc074648e128d6abce34863136443e2c843fb08ce6cd4005e|xcb-util-wm-0.4.2-2-aarch64.pkg.tar.xz|31348
libepoxy|1.5.10-3|aarch64|extra|dependency|8bb73da9e2df09cf7798904a8709dfb49826a7a9c593a166cddd4a891a280724|8f9a4c233d4065dab5ff88a0eeeab276d92d124911432182a5be681cb12bb096|libepoxy-1.5.10-3-aarch64.pkg.tar.xz|305076
xorg-fonts-encodings|1.1.0-2|any|extra|dependency|1e6b1699140df659a049dc9094fc3b08a60b624db748bc004f28db51e5bfa641|1695ced7e3b87dbd164a29bcd9708df53744beaad9bcbff8e9d9036e1f21e54c|xorg-fonts-encodings-1.1.0-2-any.pkg.tar.xz|578240
libfontenc|1.1.9-1|aarch64|extra|dependency|e42320161bec71bafa2243ff203fa8a3306b0a0f91e90dd89291b093340ab1fc|ff73800e38c686202f6b902f325b8e36dea5a744f59738cc212015ce5339fff9|libfontenc-1.1.9-1-aarch64.pkg.tar.xz|14732
libxfont2|2.0.9-1|aarch64|extra|dependency|cc74f8a2d3377f068b5f3c35619e333c1a331254298625666eac84a533b30347|78cf09ad9b6b20cefa086f9fb4e61b4ab989415a0645fb2e4fc97a2586a5e5de|libxfont2-2.0.9-1-aarch64.pkg.tar.xz|88360
libxkbfile|1.2.0-1|aarch64|extra|dependency|cb98c65dd555dc3bd7dfbeb2745966da3631be2ac218bcf234f73bdf6ea33deb|d9956ae271f5a2d477e3fc4b998e38228776d89008cedecad389558c59fec552|libxkbfile-1.2.0-1-aarch64.pkg.tar.xz|69720
xorg-xkbcomp|1.5.0-1|aarch64|extra|dependency|7c30d6aa484ff17ab36c3c33ae145195831458751e901b96b92b3398abc96611|6f0399b176194fc92bcdaed19fc08ccff28c1d3015b6a99a577df4fa283ae981|xorg-xkbcomp-1.5.0-1-aarch64.pkg.tar.xz|81536
libxrandr|1.5.5-1|aarch64|extra|dependency|50ced1a5945e325ef28fd4a5f9ee3e45e49f538841271f49326916576213a5f3|ab470b50026dfc384a74289a6ab30d73839bcb2cc33149cdafafbb50aba84b0e|libxrandr-1.5.5-1-aarch64.pkg.tar.xz|25596
xorg-setxkbmap|1.3.5-1|aarch64|extra|dependency|a3323ae651b0477c7c411e431d68debef85eef9d2f15ca90d89e383e2fad08a4|0e3156ed812aa3ecf2e861625766fabb55ce9b37b2cd7fde5d75aaa828fb8103|xorg-setxkbmap-1.3.5-1-aarch64.pkg.tar.xz|13496
xorg-server-common|21.1.24-1|aarch64|extra|dependency|0f508f5fe3c6b51764bb1b24d19a74670aee164710df2db894cc2f7b174db41c|434817a4963b62dd4f19c83fd59421bb0dd85142994dd479169acd7cefef689d|xorg-server-common-21.1.24-1-aarch64.pkg.tar.xz|27340
libxcvt|0.1.3-1|aarch64|extra|dependency|4eadab34ee20d01d83f4b46dc040ec0de0e468b754be0c184d55d8fddd966d8a|d8249ce58f6ec002cc3c412b9efcb9d5b428da523b873b3f2e642caad38bbcf8|libxcvt-0.1.3-1-aarch64.pkg.tar.xz|10556
libei|1.6.0-1|aarch64|extra|dependency|a09e6322764d03ed4dd9bc968d8fd22f9833ab859ce9316eeb496522ac0edb45|dfd60023ab72534f1f4b423c3fc9c7c5ae7435ed37dcdf7e112c48a7bda2abe4|libei-1.6.0-1-aarch64.pkg.tar.xz|107216
libdecor|0.2.5-1|aarch64|extra|dependency|af8fc60c81c611bc74935468fb99b6651f69a1cdf67a7f84eb09fee6fb664016|920eacb95309b7b3c7270af6adb707c0a1477d262a99d639633485fb8f9c1d96|libdecor-0.2.5-1-aarch64.pkg.tar.xz|42288
xorg-xwayland|24.1.13-1|aarch64|extra|direct|b7d626d41761d9829ea722086e04a8df53cddf12c2341ab2b99e0080badd6a1a|54adb34706853505c0b6687bf06df3ef6d4340364fe790070ec94cc09205cd08|xorg-xwayland-24.1.13-1-aarch64.pkg.tar.xz|851316
hyprland|0.56.1-3|aarch64|extra|direct|4fcb1b5efe019e184a85b234f75151e68fd8f60ace9b06ff59e7ffbd8a280f7a|a4c8fd2f40481380fc9e28b133c824acd8fda9861d6f8b25f7e901b0cc85081d|hyprland-0.56.1-3-aarch64.pkg.tar.xz|49992640
mpdecimal|4.0.1-3|aarch64|core|dependency|388611eba7f9b0dddcc03adb4f28bcb8fd2c42fbd8c930ca6b9b0f9e4ece0f1e|bb0580360f8d8095b16e04723565ba16188947f51d6e42e713472a9ad8c864da|mpdecimal-4.0.1-3-aarch64.pkg.tar.xz|93808
python|3.14.7-1|aarch64|core|dependency|17015e87d76198ffda880a95fb5ce46f340a68247bd2b4148a7078d1d3f1f250|8a1a8b90810148532fc3c353548e0cae07df1b28f0b87e47a6bc225da3e67667|python-3.14.7-1-aarch64.pkg.tar.xz|13514884
python-pyxdg|0.28-7|any|extra|dependency|faf084f51b17c2c6b1651abec373761f74951d377814cd9843d56025aad4c32d|81617a0341ae33acc98fb356f3a29de3fa8b77e815a72da2e299645be435c1ae|python-pyxdg-0.28-7-any.pkg.tar.xz|98408
python-dbus|1.4.0-2|aarch64|extra|dependency|75981dedd649b757d32c3e3604ad5a9af8643d276e048534caaed8932311d3b8|db5bcb6d284247c7a30b64e624b94ea280284d983b2a58e12f36320600ab091e|python-dbus-1.4.0-2-aarch64.pkg.tar.xz|117728
uwsm|0.26.7-1|any|extra|direct|504ae979785d9c8ea78709ae56b2ee21dfc88002ebd0e229bedc27dd19f3e598|abe752b67c1806df6d0098f63a56885090c04d488dfe36443b382437d0e0f008|uwsm-0.26.7-1-any.pkg.tar.xz|86096
libinih|62-2|aarch64|core|dependency|c561dff1db53c3b11bcef7e694e6b9dc4b36133ff81038e52777568ba470f1fc|efcea4b86ed799ea4f9224b762619aad734873125713db1a29522185cd9c46af|libinih-62-2-aarch64.pkg.tar.xz|19796
libpipewire|1:1.6.8-1|aarch64|extra|dependency|2af4060e5001c699d4a5ce65285722f24e58f2a7e5ada1e5d2da63aba31f2c07|43a71c4a246e02cc38ace66f0548497eaee14f0d9f104d5c7f082dca83969559|libpipewire-1:1.6.8-1-aarch64.pkg.tar.xz|489492
pipewire|1:1.6.8-1|aarch64|extra|direct|893365fbf48facd79a0fd8506c60d246a6467bb452c7f268df7a7efd9a1a3637|c8a341ba5a5baf46804d1c8e67ae3c6c96b0d0ce45fe320dc1e5d7e5dfffdad5|pipewire-1:1.6.8-1-aarch64.pkg.tar.xz|650564
double-conversion|3.4.0-1|aarch64|extra|dependency|f4d8f0db3a79d6cb06174920ec19cc1c1d943b7b019444be91c2685babc2d790|a28a327f3efd470a56e0720ad585addb7e7c222979b581064d05408e6b8fec1f|double-conversion-3.4.0-1-aarch64.pkg.tar.xz|52748
libb2|0.98.1-3|aarch64|extra|dependency|745b552a7d1d8c8d8e675bebfd38834c0ddfad99a413300382677c15c2b60495|5d48dccfc39f4873ca9cf4e5c0c7dac410badef35b3ebc03a8822f2a07ff8837|libb2-0.98.1-3-aarch64.pkg.tar.xz|17316
avahi|1:0.9rc5-1|aarch64|extra|dependency|cc5397663792b8a6aeeb8879d44020e21f7dc8f3889e4bcab25cb976b0033481|764a6b9ba1ac7ea6c72b6515645115e60b27b1029ac8205cfebfaeeb135f2612|avahi-1:0.9rc5-1-aarch64.pkg.tar.xz|413888
libcups|2:2.4.19-1|aarch64|extra|dependency|3b5a82439605980365feb637ffc5db67b9df418017a9f19b20f44404fe8a628b|42a82dfa269b8d353cea0c846c57eb1e3af8ac20e22370295077015aeda4b120|libcups-2:2.4.19-1-aarch64.pkg.tar.xz|257944
libice|1.1.2-1|aarch64|extra|dependency|a4ad016e993915e0aba8037ef0b9602ee55d9198b115c5d76a3397a4dda3c846|ff4955421894457a1ce4203f34f7dc3053f0c16c20a20bc9761d4e63f6657240|libice-1.1.2-1-aarch64.pkg.tar.xz|75552
libproxy|0.5.12-1|aarch64|extra|dependency|071afd9aaa0dc6f45f5e81e51c9122aacfadf85726962d013fdecb67cbfcec9b|52bfddbeec58b0c8aeb50151ef838dde69e52ce89d829ee0f4c4119a2bae9b3c|libproxy-0.5.12-1-aarch64.pkg.tar.xz|27912
libsm|1.2.6-1|aarch64|extra|dependency|023fe454c714f591cf3f6c1cf0fc07d61779d96b71836bffdd8e8b07536bfb8c|07630c426259d3a8c0df405608566a68619eb01aeae11918aca682d2541651fb|libsm-1.2.6-1-aarch64.pkg.tar.xz|44556
liburing|2.15-1|aarch64|extra|dependency|efb67ef7eed7b30bebebbe9420fbf67bbfd0676c2b731f30e47e544cdb73feaf|3a42d42b719abe319f541f2110fa2a77893ed21dfe9456df915d217b75b8e068|liburing-2.15-1-aarch64.pkg.tar.xz|271192
libxkbcommon-x11|1.13.2-1|aarch64|extra|dependency|6f456540140a0abea3ac01502a6bb0419af81851d08d159879091a05962004fd|19c710ba91b69e76a7c515168fcd6fdf10b996fc8b787652726b666833be08f4|libxkbcommon-x11-1.13.2-1-aarch64.pkg.tar.xz|38984
md4c|0.5.3-1|aarch64|extra|dependency|628672e501a7187658bbedd9d2c7185a39a59477221bbdaf15254ddb25cee787|0e85aa02b795850408ad0165278850c43676747a900569360bd263749a2bf653|md4c-0.5.3-1-aarch64.pkg.tar.xz|75540
tslib|1.24-1|aarch64|extra|dependency|ecad1c0c437edf05bdd8feff38a6e2e6c9647589f8eb148c88a51a8dad55f017|2cd78f536a9c149c2e1fd3897ea79005577fa879a83f9fe3fd87fee16979622b|tslib-1.24-1-aarch64.pkg.tar.xz|100528
xcb-util-cursor|0.1.6-1|aarch64|extra|dependency|8db3ad73de0ad3714b3a25f3f1eceba9c0c60dd2d84c84357fa34fab6106083b|7488a0dd54ac25bc91fa539edc64bdb383e4e892b035c11065f1d3589d627747|xcb-util-cursor-0.1.6-1-aarch64.pkg.tar.xz|11580
xdg-utils|1.2.1-2|any|extra|dependency|afd760ce97e18f354c5893038327c70b72053c23b41e609c5351c5c22fc84cd8|f91b68e6c87f340bb7429ed581c5cad541bcbf9000789bbeeb73f7782cf96990|xdg-utils-1.2.1-2-any.pkg.tar.xz|60512
qt6-translations|6.11.2-1|any|extra|dependency|9dea56673b6caf3f0a90abd396a2292a8846d10d44c923d03ba3800c3086e4f5|9bac46e4040b38812d7e7f677f9534d1f2002da8bf04507cbacf4ba469a1c573|qt6-translations-6.11.2-1-any.pkg.tar.xz|1950888
qt6-base|6.11.2-2|aarch64|extra|dependency|a93ad63dbf42e4468c4ad55144ae1cd6a2bf407b5234d92e93a9dc7a31724b6e|bf4594655e109c258c3d09524ccefa6b31bf63fe52735a239369e94de396791b|qt6-base-6.11.2-2-aarch64.pkg.tar.xz|14794572
sdbus-cpp|2.3.1-1|aarch64|extra|dependency|4b58c4cd0b8dc3617e1b1e4fd30e7603ed6ecb871555ebdbc05158a8e370eaf7|0333eec841a8bfa0509685636d3b34d579d9f8e2c3219a4b73c2e399cecdddb8|sdbus-cpp-2.3.1-1-aarch64.pkg.tar.xz|232436
fuse-common|3.18.2-1|aarch64|extra|dependency|d66b3032b9dbe6f313673e233ab8ed5de697f270a855358bfff6263e628aca44|16b0123dfe65f07c7a0c0cc890d7a60629fb3c39f476756bd723f485bacfff7c|fuse-common-3.18.2-1-aarch64.pkg.tar.xz|2760
fuse3|3.18.2-1|aarch64|extra|dependency|f3b02e00e3f0bc70585a0507303195bb394e1762da5217893f0c4414b2fa17ae|4c8ce8934508b460deb44e584c11deba37622398ff8ee701f3582f62289cbfa9|fuse3-3.18.2-1-aarch64.pkg.tar.xz|129232
gstreamer|1.28.6-1|aarch64|extra|dependency|6fa89353f0945634a7d3e4855ccf731a7ae102ff7d9fb3a2d871adeb7a18baf2|414878d2bd081d49d93f324e77b7c54053783f8eb8df5e09788158d09a470eca|gstreamer-1.28.6-1-aarch64.pkg.tar.xz|1981216
graphene|1.10.8-2.1|aarch64|extra|dependency|2f928a829385d79626cba58fcc111f8f930d1ae951d83f405813a3886ab9ec7b|ee7224f1aaff41b75eb745daae70accc83502c7e64e0eed954f9312403e4e498|graphene-1.10.8-2.1-aarch64.pkg.tar.xz|103788
iso-codes|4.20.1-1|any|extra|dependency|ca93043c3b5fe05f1f3886b3ad7ad5a68964303971edae967a8a82e8b850d010|c076ab986dac942a6ae927a67b8229e1376c5ec8d38d823d79aaf8116c833171|iso-codes-4.20.1-1-any.pkg.tar.xz|3307468
libxi|1.8.3-1|aarch64|extra|dependency|379cea947498145d31decca7a1beacec268cb24fb622a59f6dc49c23be793a22|a9222bebc44be41ba8f0504459d4a009f353b2254db897e8962eb753c5cefd79|libxi-1.8.3-1-aarch64.pkg.tar.xz|151764
libxv|1.0.13-1|aarch64|extra|dependency|03abeee4ba4b04cd0f6457ea60005e84701fd929bdd57d1a1be9034101c15243|0b05ea1f18099c07f602f0375bf7d66c872014ac30268cec9ba0b625b2716ca1|libxv-1.0.13-1-aarch64.pkg.tar.xz|35444
orc|0.4.42-1|aarch64|extra|dependency|6f6ec087b877293bf04a98829f257859d2c1940b7a001bbcf4e8d4fe9aae55af|4a2d0e9a116de4612d7a7472ed76be06c728b7cfe68a4f928c090f3ce74ee3f6|orc-0.4.42-1-aarch64.pkg.tar.xz|281344
gst-plugins-base-libs|1.28.6-1|aarch64|extra|dependency|4e1440dc8406c6b6edabd159bbdbda0b9e99c1cb8c62e11e8e635ecbff78c69e|f4ae50844bbb13f4ba10586ab797bb9234d1c1f8e9d602bc199899f3288d17af|gst-plugins-base-libs-1.28.6-1-aarch64.pkg.tar.xz|2277372
json-glib|1.10.8-1|aarch64|extra|dependency|dc2a5ff08d3d7c8fcadeb820411aa31d5f1522e425045f6408fbf134db817d85|571507ccb1d96cd4242c530b10b36cb8b9f4416a5f85f24ee2a9867682509a13|json-glib-1.10.8-1-aarch64.pkg.tar.xz|161472
xdg-desktop-portal|1.22.1-2|aarch64|extra|dependency|e1f5f15d6455a3b9787775e5c6f33c0223154aef94d837b1ed52f4651705c7c6|ae7b3353f11313b3541ad44585ee6ed1efae0f9f179d24340dce5da1c51a55c2|xdg-desktop-portal-1.22.1-2-aarch64.pkg.tar.xz|464240
xdg-desktop-portal-hyprland|1.4.1-1|aarch64|extra|direct|2aa13130b829e5c7e59844f50008dc536ccb55f116dee61dffb1974d9ed20728|8533721244c30c5de5784808c6618edaddd3e31710f1a7a9423e955b767a226b|xdg-desktop-portal-hyprland-1.4.1-1-aarch64.pkg.tar.xz|268932
dconf|0.49.0-1|aarch64|extra|dependency|6acbf52ddd162c5078c3ce0d75acebfe7dbad32e918e46087f399c131b17ceab|45c0ccf31deb08c5b9679999fee29009de0a399894c6e553cd9e0096feb74d2f|dconf-0.49.0-1-aarch64.pkg.tar.xz|104892
gsettings-system-schemas|50.1-1|any|extra|dependency|790657e711431d6d1adb6977625d59591f4ff2e29e815e334063b602b620fec6|0ff54b4120e05325d2831fa8f49dfab668adc07eb5d73deee3355d8d7c654e92|gsettings-system-schemas-50.1-1-any.pkg.tar.xz|6028
adwaita-fonts|50.0-1|any|extra|dependency|48017c2cefce73405a5887bb1a1b5b4e51e4192cf2d8cf8b320c6090152ee396|f20fbffbaaf9ff2e095b9ef12c3a4f779fbea999451cf03871f68dcd8100effe|adwaita-fonts-50.0-1-any.pkg.tar.xz|2000308
gsettings-desktop-schemas|50.1-1|any|extra|dependency|f1168df169d0166adc756205be0c202f939d0845209c7e8010e452760e18bb26|1197286d027d536c3209c3fc5544c803e0a42f9a91cd0eaebb043e691bea8057|gsettings-desktop-schemas-50.1-1-any.pkg.tar.xz|775924
hicolor-icon-theme|0.18-1|any|extra|dependency|cdba2a3dba1dc73a10a1e2a4ac0da06deafa92ac243d81e127a1fcdafbe4a588|a25911051b351fdc48cdb1d5b303b143c1a7df5407272f636fcfa6f37ee4067c|hicolor-icon-theme-0.18-1-any.pkg.tar.xz|12320
adwaita-icon-theme-legacy|46.2-3|any|extra|dependency|bee29029e278e70571e3dc30112f18bbe046af8a66feea0af79c4f8978ad979d|0e146d94c5c01f0373114479bae5bac60bcbe44e7d70ce5069acd0725f8c7f25|adwaita-icon-theme-legacy-46.2-3-any.pkg.tar.xz|2275500
adwaita-cursors|50.0-1|any|extra|dependency|03657631b3a079320e349715a63f5c7fcb4489062fa4c5c2bf5428455f2373c3|ad6850359294a686c3194cec1f93b9ac7ffbc4ae8759f186819fed20c456aa84|adwaita-cursors-50.0-1-any.pkg.tar.xz|296020
adwaita-icon-theme|50.0-1|any|extra|dependency|96795f6176aac91304c061b06f5afdc08fa65ad2c5675cf9924eeaf023481afc|639ea7d19fb02304dba37f364d92b2ff8bd91f9d85a530cc4327826c9e429dd5|adwaita-icon-theme-50.0-1-any.pkg.tar.xz|202236
libxtst|1.2.5-1|aarch64|extra|dependency|3ca6270ff04330650205339e2726c23616b31468a493642ba3df74af050ae888|2f26dbe9d2a4aa42639e97e4f11b0270c2ba2247c6513890a2d517bd6d0465c2|libxtst-1.2.5-1-aarch64.pkg.tar.xz|28736
xorg-xprop|1.2.8-1|aarch64|extra|dependency|5ab8f4c95ee0772592be2f9efc5ebe876083202ad6a06515bcc81bd0f0b6a15a|4f7e3337bfacd65bae7687e8fcf59da4e7150f672316f9d4f2ab2cf68b646123|xorg-xprop-1.2.8-1-aarch64.pkg.tar.xz|26412
at-spi2-core|2.60.6-1|aarch64|extra|dependency|4b1ffdc65925600454f695521aaf655c22161213032375333db9bc15672fe8b4|07ec96b7354634e2e8b331fd80b58124eb67bfb54a317981cce37df9acdc2b7a|at-spi2-core-2.60.6-1-aarch64.pkg.tar.xz|550264
desktop-file-utils|0.28-1|aarch64|extra|dependency|89d97b1e9e0c265da1bf9120f39fb78122f4eb221dd1e5956b8d64326cf72eca|ad0f0d679412d445172d1fb2b023ba6e8aa8670f284378a88307790c5d5732e9|desktop-file-utils-0.28-1-aarch64.pkg.tar.xz|44376
libcloudproviders|0.4.0-1|aarch64|extra|dependency|e3ec5ae09579741e99bd17cc232b049de589312c56da8649ee4394fcd99aaec6|13c081f073be00546a40132189d6c425ebd748dac2ad1150c6a7b9f71ee9152a|libcloudproviders-0.4.0-1-aarch64.pkg.tar.xz|44380
libcolord|1.4.8-1|aarch64|extra|dependency|79b5775b226ec0974454621e527094f0d59e7e5017b2c31c07871354de8fda0f|db3ec2b86c8727ed215866e3ca4a5c1f0de2257fb76fa4a7f0758930c4c841d6|libcolord-1.4.8-1-aarch64.pkg.tar.xz|169748
libxdamage|1.1.7-1|aarch64|extra|dependency|c10d529d8e1eb9e518eea2249d4250ea8f7a711f9ec15a644164b94a6b554955|a9349d715a17843bafa31de0a1eb10a4d46f65cd7a17483a3a8cd1406ce1c207|libxdamage-1.1.7-1-aarch64.pkg.tar.xz|7376
libxinerama|1.1.6-1|aarch64|extra|dependency|3a44bdcbc01e68437ea76c8746051586bfda37a36f2c0c5613844eebf9eafdad|b1fbc00a23308d661cefff826fcd85f5dd144e7310ee62ca7e993ae0dc7739ae|libxinerama-1.1.6-1-aarch64.pkg.tar.xz|9972
glib-networking|1:2.80.1-1|aarch64|extra|dependency|d87397c1f18ee54a993b4c35761cf2dca40d4095092714970237d3a6b3c02d31|988e27493abfeee09172ac8e79378cce1b4c5bfc3f921203424d2d6570b81250|glib-networking-1:2.80.1-1-aarch64.pkg.tar.xz|133624
libsoup3|3.6.6-2|aarch64|extra|dependency|7f54f46c525ed976b98595b260512a8e0320570b7141a0a0e9b25eb22c879d76|ca530a211282dc3692e5d54341e4f3c860a1ba508c73987305e7f9a987bab3c1|libsoup3-3.6.6-2-aarch64.pkg.tar.xz|377812
libstemmer|3.1.1-1|aarch64|extra|dependency|c5ab5687f090d94c15b7a4b7288a58e5bf826921ad9cffa8d85bad1ce31284ba|6819029f59f619a44144c6c10868f5039c6469db3c7a907d05d184e024f40445|libstemmer-3.1.1-1-aarch64.pkg.tar.xz|125172
tinysparql|3.11.1-1|aarch64|extra|dependency|d245e5c2098c20a6eff65759d3967a63ff3e4658f755585296000b9c1890a547|3a473373de6e514cfbc44b2b914d2609ee33be7784fb3a836c781201c6671c26|tinysparql-3.11.1-1-aarch64.pkg.tar.xz|978880
gtk-update-icon-cache|1:4.22.4-1|aarch64|extra|dependency|62859f4373314bc4ff24b672f479ea55bc280ffd7e871a202971fceb3089e7cd|03f3b7e49e3fab444df8d3302cffbb8c2a8c9f49fed716dd9549e00bd43922b2|gtk-update-icon-cache-1:4.22.4-1-aarch64.pkg.tar.xz|17016
gtk3|1:3.24.52-1|aarch64|extra|dependency|bad14c1e2e4fa9cd662a501d400a3b74858ae5721e28ca42257fdbd7fe632944|9768f26c82a98fe0f81a40483afbe71740513f4a6660a3da3ce842238c583084|gtk3-1:3.24.52-1-aarch64.pkg.tar.xz|8759344
xdg-desktop-portal-gtk|1.15.3-1|aarch64|extra|direct|67dc11eed1288b37ff3afdf8ed590f2ac4ec75ad3fb740f4984d93fd3c0628a7|df37455d9f34fbf0071266c01749b7a4e8e2c07ad88dbbc2117f8fe07fea5ca7|xdg-desktop-portal-gtk-1.15.3-1-aarch64.pkg.tar.xz|116916
libutf8proc|2.11.3-1|aarch64|extra|dependency|3ada70c5f375dff19b1daa4407a6a838d0aa4d11b6b6522498f118dd37696cd8|3f755e16e2b64a53755873f26aee76264e6c7a2917305f5e0fea548ad8d7e5cd|libutf8proc-2.11.3-1-aarch64.pkg.tar.xz|61592
fcft|3.3.3-1|aarch64|extra|dependency|dd72cdc9444d2bbc45a345e617a95a645040d2e7e2b0b8f7de78615a6e33bf30|73500a1664e07b76241e013f6d7c560adf950a30106ca76925353897cf2eaea7|fcft-3.3.3-1-aarch64.pkg.tar.xz|83600
foot|1.27.0-1|aarch64|extra|direct|effcb7ffbe0e7828374f824c9ba4eeb02499b49cfe2a37bdf8acb34252692c34|22e1eb362964450acb2c87960dd2aec6ae2300dcf7d821cb3bc2604a2cd19f10|foot-1.27.0-1-aarch64.pkg.tar.xz|312556
vulkan-icd-loader|1.4.357.0-1|aarch64|extra|dependency|1163492a4ded4484623bd350b4ed69ed908b75520a6cb7a730695579a0e254e8|df3522d04d62a0a79340c23f99aeef400c11e0e9b309c9caa53743c5b7eda090|vulkan-icd-loader-1.4.357.0-1-aarch64.pkg.tar.xz|141328
mesa-utils|9.0.0-7|aarch64|extra|direct|65d0fc2ec994ad130a252552ed33b676d3a1e95846e36010e65875b680c3660a|f1511fd114448802f67f07938629169df0c1a315f3e3841936cad19356682e7e|mesa-utils-9.0.0-7-aarch64.pkg.tar.xz|199144
vulkan-mesa-implicit-layers|1:26.2.1-1|aarch64|extra|dependency|b0166975879360240af35357da4f7149249bf64a85f8b1d0d1f69dec498163ae|906ed2439b7c88bbbff9dbc16dffb788d396faf38609cd16a17e10ad64c1439e|vulkan-mesa-implicit-layers-1:26.2.1-1-aarch64.pkg.tar.xz|42288
vulkan-broadcom|1:26.2.1-1|aarch64|extra|direct|1000c782db40b94803a4b32f20357bbc092d66447c2df9f51079de9f31484006|0dc69f8a053c4544c58334be3b2b5fae38d5c9882fe1c68cb82323d03f33a9ed|vulkan-broadcom-1:26.2.1-1-aarch64.pkg.tar.xz|1252612
vulkan-tools|1.4.357.0-1|aarch64|extra|direct|c251a1c0f6883a4092cbae685923b803a10b44ce4cde6f367f8523d4b1e4bfc3|751bf8fb276af1190fff8584c1af117718b34c81b578418bfb76d97cad3c3f86|vulkan-tools-1.4.357.0-1-aarch64.pkg.tar.xz|347144
evtest|1.36-1|aarch64|extra|direct|ef3e3aea17e48e5069a68b7ce6df9301961e658898400556041d9b408aecfb20|d635a3cac2f356cba0949ca6b33a96dbcc5de1cea7bbe6c3adfa45071c988a9c|evtest-1.36-1-aarch64.pkg.tar.xz|15752
usbutils|019-1|aarch64|core|direct|5e1f150ac7d3d56a0bf7462206ce86f1dc9086cd4bcadd3e2bade03a8669f99b|0692e87e75547554300663a66d389cace197aea84c577b7f02875c575578848a|usbutils-019-1-aarch64.pkg.tar.xz|109900
brightnessctl|0.5.1-3|aarch64|extra|direct|f2a4f173cc826dc2917402e4ea40dac4ae0d44557dfdd6a59a2e1a45b88edb48|3a1e938ccb9a4513d25b4e04496df49413dd0c1a0cf12075ca448c7438e08ebb|brightnessctl-0.5.1-3-aarch64.pkg.tar.xz|10940
alsa-card-profiles|1:1.6.8-1|aarch64|extra|dependency|3e8548f3dae6eaa2df41a306bf2e584fb3f1ffe95b0ed41e8c02a65787d8e41c|1349a5bb8a9f3942bc429b6b2cf3f792556c162a8d126c32f4f379d02c19d208|alsa-card-profiles-1:1.6.8-1-aarch64.pkg.tar.xz|28072
bluez-libs|5.87-2|aarch64|extra|dependency|8c8be9961b8a952aeaf99b56a623d541977b563d0586512e881179eab1b12728|f34fd321d395cfad78b99ea70ed2f9581a01b4dc1ce0180bf85e9b16905a6e1d|bluez-libs-5.87-2-aarch64.pkg.tar.xz|88556
fftw|3.3.11-1|aarch64|extra|dependency|0d6b54edd0e73ec3f0e1496d2261834cf98eae71b4489c64a0ef6e6509d2e9b9|77524923efef23372137a9174a2a8ac2cdad29296d8d4482a35b936f8369eb43|fftw-3.3.11-1-aarch64.pkg.tar.xz|1505896
libebur128|1.2.6-2|aarch64|extra|dependency|a1b54c783cacadcea9f31974f140afeb19c385854d924ef597f159b1ea4343ae|7fd9cd596b0011a156a9e0b3dd4b11aedf5b6c1c36875add2e2f79bf39914de8|libebur128-1.2.6-2-aarch64.pkg.tar.xz|16524
libfdk-aac|2.0.3-2|aarch64|extra|dependency|11a8590845e29d7287d9d8b14e50d6046b009f52f37e21bb555c446ecedc514c|fdf56ff86907d54b20cbc15f2521c388e4e97d7c288a0b7cedba096b8f6102a7|libfdk-aac-2.0.3-2-aarch64.pkg.tar.xz|631492
libfreeaptx|0.2.2-1|aarch64|extra|dependency|abc0efaf4adb7838608ecf0ba15d790faa1048fade46791ee4fd79a2b2e37c1a|848b22d25389d65085d9992f79ced9cfcb08f5058a8d604a88c516801bcb20bf|libfreeaptx-0.2.2-1-aarch64.pkg.tar.xz|18272
liblc3|1.1.3-2|aarch64|extra|dependency|63705c3df9a27ee6673585ec2adea6bca6e1cc597c5d8da7f4e39565ad7a8e26|bbc5d5835b3ebe91d39e053b45bc6f2d1c637d33ae2cc3a2aa7094e2cd200278|liblc3-1.1.3-2-aarch64.pkg.tar.xz|106540
libldac|2.0.2.6-1|aarch64|extra|dependency|fef1b517fed8f60b0dc87a50ad73bdeec3a36329ec59d1beb5106bb9135365ec|35330da3733774cafb46a74ecd9bbf8bff22e1468697770d0150c017c3fdf97d|libldac-2.0.2.6-1-aarch64.pkg.tar.xz|32772
libmysofa|1.3.5-1|aarch64|extra|dependency|ef2981c71c912bf871c11e0d462c5098ee6fbbdd2f0e7268a2f5d834654493a8|db758d9c05c7d13ff5f2bac3d55d87bf365d383069357551834793ee8f3e21b2|libmysofa-1.3.5-1-aarch64.pkg.tar.xz|1158736
libogg|1.3.6-1|aarch64|extra|dependency|91a402c06a669649cf463d17788fcd67c1993489008116193a900b19a7ada75e|40bf19a7184d7947f6001ae17fca2e0982f6fccc0a8bb62b19d8b0c1e5eea1ba|libogg-1.3.6-1-aarch64.pkg.tar.xz|199192
flac|1.5.0-1|aarch64|extra|dependency|100b54b7c4efbb41f1f18a560825477f9f403b6996a226dd86ca5227f0a6b83e|42b65242d56933e5f96efddec49562ae25e8a0fad49632bfd1dd602e64fbc601|flac-1.5.0-1-aarch64.pkg.tar.xz|276816
mpg123|1.33.7-1|aarch64|extra|dependency|b7474b336fc068ab1fe324577e296bc80ad10a34cb69cd33969de81d37744275|851b379bfbeff84e3f0d2b0a3f203c15d76ae12c7eab34d660425c93ba5c8aef|mpg123-1.33.7-1-aarch64.pkg.tar.xz|424156
lame|4.0-1|aarch64|extra|dependency|38f9981bc4f9ecb5d42263ea5a2f9c19531364d57b3b34b0bfa6e8d9601fc24f|b61bea476a5c87aa27ea11e445821bfd10c838c44b9c2f71d7a56c9efe6752a3|lame-4.0-1-aarch64.pkg.tar.xz|252564
libvorbis|1.3.7-4|aarch64|extra|dependency|22d10826e1b2b72b1c5f69ba116e4a4840197d3f808c37bfa738f9dd8b493118|96463dd5a18ec68f8465f8588356bee33e69e52d4235cef41ca81d4c186a11bf|libvorbis-1.3.7-4-aarch64.pkg.tar.xz|168412
opus|1.6.1-1|aarch64|extra|dependency|a111defb532e8e7e12815cffa06f59be23e3d5b95539d5588289a467a2a11b1a|34103a17bd7993d51ef9a2fb15ec6e110852efa5c24350bac9276897a64dfe69|opus-1.6.1-1-aarch64.pkg.tar.xz|3946736
libsndfile|1.2.2-4|aarch64|extra|dependency|5f8995bee55c37fff098d20cc61ca7b1b4a13c4bc2c1181aea493cc267154d61|ccbc34517fbe934e2f8d72a1e33b5be18556e45ade385a5d31d294a9e226ac23|libsndfile-1.2.2-4-aarch64.pkg.tar.xz|297312
serd|0.32.10-1|aarch64|extra|dependency|63f2c696dfd4a69a26b9241ef730dc335ccd3105c79025d8ce078404825e0418|7883216c0d3d0517722dd12e5f3bbe76606055dc779afd723ec55cce5d1bb24a|serd-0.32.10-1-aarch64.pkg.tar.xz|59980
zix|0.8.2-1|aarch64|extra|dependency|27d0816a1719b6d91cc96b00c7e16cedf661a1a45ed2c431cb3fcca8e8cb5025|9367ecb93559e22d386ca04f37d555c59bf8067917883752d024e6bd441b6804|zix-0.8.2-1-aarch64.pkg.tar.xz|40888
sord|0.16.22-1|aarch64|extra|dependency|83b754b154e1fa39dd7d686f78aead58d8c7ea3360db56b975d4ee65f5bc9044|df9b5cc03c69d5963e5cd3d78fc0f75f212f74a74b4fb3b74630679fdc8d13d3|sord-0.16.22-1-aarch64.pkg.tar.xz|35740
lv2|1.18.10-2|aarch64|extra|dependency|dc13974193c255df9aabf9a02837d664be6da1f394308c685773f1abeb42435c|df21ae601c225abdd79527ebe170fa1e75983f6ab797afa26c5f73175e76b6bc|lv2-1.18.10-2-aarch64.pkg.tar.xz|152852
sratom|0.6.22-1|aarch64|extra|dependency|f03d5ade48ac5e482b56a6f59333869fc2f4093c04972c3e8ab1d44daed9da86|7476e118e90f7199bc84f64356f1ef09f2a688f1cdc1c42982f7240f1289e606|sratom-0.6.22-1-aarch64.pkg.tar.xz|18028
lilv|0.28.0-1|aarch64|extra|dependency|9e83a52165a501988ce86ce6dbe0dffde94a1b3607b5669a0a83a3d8a9207c68|668a8b3d9dec607f6541ad2531828ee52b0c34ac6b5fbd841d8b7c76545a56cf|lilv-0.28.0-1-aarch64.pkg.tar.xz|62260
sbc|2.2-1|aarch64|extra|dependency|73d3213904ebd2d8f48b462d83d73cfe1922f3e2ac8aaf33127b2dffa9c51af8|8eb6c3df0fa82da323739493de29b24dfa7cc37bb51389d0af413bdea08158f3|sbc-2.2-1-aarch64.pkg.tar.xz|38504
spandsp|0.0.6-7|aarch64|extra|dependency|c3fef8569a60a66dc9605b476a9032031c91fc566a994741836dc622b8bbb7d9|dad72905341e687d158efff714dc3fe606abe876dcae14a8d5ddfb6435b86084|spandsp-0.0.6-7-aarch64.pkg.tar.xz|393812
webrtc-audio-processing-1|1.3-5|aarch64|extra|dependency|3c1427562bbe5aea66f792ffd9acea87cd8c305577310057c8cf0cc1ee438fb8|9de7767e9235ccb3ab4fa8e7b07164e4457c93c7bfbc56e473c733b06083f7bd|webrtc-audio-processing-1-1.3-5-aarch64.pkg.tar.xz|464104
pipewire-audio|1:1.6.8-1|aarch64|extra|dependency|3bb8c0edee5f364b392e21fa926cf1e0588fcd67ab16a98fcc8d1a7965379e15|505fee4fbe693775c31196bc7b93c42b294a08e1729cc3496f77c3183a89fb6e|pipewire-audio-1:1.6.8-1-aarch64.pkg.tar.xz|1493260
libasyncns|1:0.8+r3+g68cd5af-3|aarch64|extra|dependency|6a06c61c24a5e1c032a62fff088644ea78462c34b6efb2536076506142adba4a|55bcc6b48c44ffb576ddfa19e7fc8be3f4d230963ef330b33fd46ee67e6fbdd2|libasyncns-1:0.8+r3+g68cd5af-3-aarch64.pkg.tar.xz|16156
libpulse|17.0+r98+gb096704c0-1|aarch64|extra|dependency|f6ba952dd3e9cc914cbb78f06ab5c6daaebaa115438238c06dbe42dfa71160d2|79b83bd540bfdc2d1e0faa185e31a29c8610c84f2184d980b1497555edaee6e1|libpulse-17.0+r98+gb096704c0-1-aarch64.pkg.tar.xz|346904
libwireplumber|0.5.15-1|aarch64|extra|dependency|565380759c80838d695652c09bb0c27e3abc43f350540030f4c98769a4c4deab|5d0372cd0f4f4e68d18d9c8a4208089039a470ca24d29fe534ae8070092b43d9|libwireplumber-0.5.15-1-aarch64.pkg.tar.xz|271572
wireplumber|0.5.15-1|aarch64|extra|direct|2665654b797f986cda22af9503d911c352794dad13015cadb18f758d5ec924fe|aa62345be1c0d09e3487fdc955c7fc5be6da265e9d944ec4f3c6d350e51a05b1|wireplumber-0.5.15-1-aarch64.pkg.tar.xz|272356
pipewire-pulse|1:1.6.8-1|aarch64|extra|direct|8018fbb8dee5cc912f15e0152e4cd3b6e59502a157896287a807e285fcc6e6d4|4d678fe52ad8f45269bd40da3434aaede16d4c54751838ab2abbc01923a76a3b|pipewire-pulse-1:1.6.8-1-aarch64.pkg.tar.xz|207052
